// !$*UTF8*$!
{
	archiveVersion = 1;
	classes = {
	};
	objectVersion = 50;
	objects = {

/* Begin PBXBuildFile section */
		127AD3A5EE784F7684203773 /* Pods_Cast_ClubTests.framework in Frameworks */ = {isa = PBXBuildFile; fileRef = BCF7D563C98ACDE4735780BC /* Pods_Cast_ClubTests.framework */; };
		211BDD7721A9F1560025A132 /* PlayPodcastViewController.swift in Sources */ = {isa = PBXBuildFile; fileRef = 211BDD7621A9F1560025A132 /* PlayPodcastViewController.swift */; };
		212C621E21DEE8E5002B6AF9 /* SubscribeButton.swift in Sources */ = {isa = PBXBuildFile; fileRef = 212C621D21DEE8E4002B6AF9 /* SubscribeButton.swift */; };
		213AE1E521AA4F140007251B /* AudioDownloadHelper.swift in Sources */ = {isa = PBXBuildFile; fileRef = 213AE1E421AA4F140007251B /* AudioDownloadHelper.swift */; };
		2145CB7721F7D75B002F307A /* ErrorView.swift in Sources */ = {isa = PBXBuildFile; fileRef = 2145CB7621F7D75B002F307A /* ErrorView.swift */; };
		2163563D21D1350300EF63C8 /* CloudKitHelper.swift in Sources */ = {isa = PBXBuildFile; fileRef = 2163563C21D1350300EF63C8 /* CloudKitHelper.swift */; };
		2163563F21D1558C00EF63C8 /* Club.swift in Sources */ = {isa = PBXBuildFile; fileRef = 2163563E21D1558C00EF63C8 /* Club.swift */; };
		218A877B21D93094008541AC /* Message.swift in Sources */ = {isa = PBXBuildFile; fileRef = 218A877A21D93094008541AC /* Message.swift */; };
		218C530921A87C260083EA38 /* SearchPodcastsViewController.swift in Sources */ = {isa = PBXBuildFile; fileRef = 218C530821A87C260083EA38 /* SearchPodcastsViewController.swift */; };
		21A021AA226CFE85005AD3E7 /* PrivateClubRequestViewController.swift in Sources */ = {isa = PBXBuildFile; fileRef = 21A021A9226CFE85005AD3E7 /* PrivateClubRequestViewController.swift */; };
		21AEF18021B095DA000DDA49 /* RemoteControlsHelper.swift in Sources */ = {isa = PBXBuildFile; fileRef = 21AEF17F21B095DA000DDA49 /* RemoteControlsHelper.swift */; };
		21C7A19921A8B7E200F57A3C /* AlbumViewController.swift in Sources */ = {isa = PBXBuildFile; fileRef = 21C7A19821A8B7E200F57A3C /* AlbumViewController.swift */; };
		21C87D4621A87FF300F9E727 /* TunesHelper.swift in Sources */ = {isa = PBXBuildFile; fileRef = 21C87D4521A87FF300F9E727 /* TunesHelper.swift */; };
		21C87D4821A883DF00F9E727 /* PodcastAlbum.swift in Sources */ = {isa = PBXBuildFile; fileRef = 21C87D4721A883DF00F9E727 /* PodcastAlbum.swift */; };
		21CB313A21AF53D7006677F8 /* PodcastTablBarController.swift in Sources */ = {isa = PBXBuildFile; fileRef = 21CB313921AF53D7006677F8 /* PodcastTablBarController.swift */; };
		21D13FB621A9E7E40087F00E /* Podcast.swift in Sources */ = {isa = PBXBuildFile; fileRef = 21D13FB521A9E7E40087F00E /* Podcast.swift */; };
		21D13FB821A9E8380087F00E /* FeedHelper.swift in Sources */ = {isa = PBXBuildFile; fileRef = 21D13FB721A9E8380087F00E /* FeedHelper.swift */; };
		7D9B7A4D6109563FC3AC3D8C /* Pods_Cast_ClubUITests.framework in Frameworks */ = {isa = PBXBuildFile; fileRef = CC0A1B1CF8D6A51F3BB8F8C5 /* Pods_Cast_ClubUITests.framework */; };
		CC7EB3C19D306844332EB570 /* Pods_Cast_Club.framework in Frameworks */ = {isa = PBXBuildFile; fileRef = 87DFBC75432441FC2D0D22D3 /* Pods_Cast_Club.framework */; };
		D70A84D122010ECE00893744 /* CreateUsernameVC.swift in Sources */ = {isa = PBXBuildFile; fileRef = D70A84D022010ECE00893744 /* CreateUsernameVC.swift */; };
		D70A84D32201105800893744 /* createView.swift in Sources */ = {isa = PBXBuildFile; fileRef = D70A84D22201105800893744 /* createView.swift */; };
		D7101DC92272776F00F2C399 /* ReplyViewController.swift in Sources */ = {isa = PBXBuildFile; fileRef = D7101DC82272776F00F2C399 /* ReplyViewController.swift */; };
		D715DAB921E27E6800C53708 /* DoneView.swift in Sources */ = {isa = PBXBuildFile; fileRef = D715DAB821E27E6800C53708 /* DoneView.swift */; };
		D7380BB821A62E21003D19F8 /* Mont-HeavyDEMO.otf in Resources */ = {isa = PBXBuildFile; fileRef = D7380BB721A62E21003D19F8 /* Mont-HeavyDEMO.otf */; };
		D7388BA521C6F5AE00C6869D /* ErrorPopUp.swift in Sources */ = {isa = PBXBuildFile; fileRef = D7388BA421C6F5AE00C6869D /* ErrorPopUp.swift */; };
		D743D8502274C7BA00EDA69F /* Help0ViewController.swift in Sources */ = {isa = PBXBuildFile; fileRef = D743D84F2274C7BA00EDA69F /* Help0ViewController.swift */; };
		D744775521A4BB1D00270726 /* AppDelegate.swift in Sources */ = {isa = PBXBuildFile; fileRef = D744775421A4BB1D00270726 /* AppDelegate.swift */; };
		D744775721A4BB1D00270726 /* FirstViewController.swift in Sources */ = {isa = PBXBuildFile; fileRef = D744775621A4BB1D00270726 /* FirstViewController.swift */; };
		D744775921A4BB1D00270726 /* SecondViewController.swift in Sources */ = {isa = PBXBuildFile; fileRef = D744775821A4BB1D00270726 /* SecondViewController.swift */; };
		D744775C21A4BB1D00270726 /* Main.storyboard in Resources */ = {isa = PBXBuildFile; fileRef = D744775A21A4BB1D00270726 /* Main.storyboard */; };
		D744775E21A4BB1F00270726 /* Assets.xcassets in Resources */ = {isa = PBXBuildFile; fileRef = D744775D21A4BB1F00270726 /* Assets.xcassets */; };
		D744776121A4BB1F00270726 /* LaunchScreen.storyboard in Resources */ = {isa = PBXBuildFile; fileRef = D744775F21A4BB1F00270726 /* LaunchScreen.storyboard */; };
		D744776C21A4BB1F00270726 /* Cast_ClubTests.swift in Sources */ = {isa = PBXBuildFile; fileRef = D744776B21A4BB1F00270726 /* Cast_ClubTests.swift */; };
		D744777721A4BB1F00270726 /* Cast_ClubUITests.swift in Sources */ = {isa = PBXBuildFile; fileRef = D744777621A4BB1F00270726 /* Cast_ClubUITests.swift */; };
		D74731D621FCE6FD00700FD4 /* PostVC.swift in Sources */ = {isa = PBXBuildFile; fileRef = D74731D521FCE6FD00700FD4 /* PostVC.swift */; };
		D752495021D982110066C5D9 /* ClubVC.swift in Sources */ = {isa = PBXBuildFile; fileRef = D752494F21D982110066C5D9 /* ClubVC.swift */; };
		D752495221D98E930066C5D9 /* ClubTableViewCell.swift in Sources */ = {isa = PBXBuildFile; fileRef = D752495121D98E930066C5D9 /* ClubTableViewCell.swift */; };
		D760166621AC84DC00CB25BB /* SearchBar.swift in Sources */ = {isa = PBXBuildFile; fileRef = D760166521AC84DC00CB25BB /* SearchBar.swift */; };
		D760166821AC9C6E00CB25BB /* CollectionViewCell.swift in Sources */ = {isa = PBXBuildFile; fileRef = D760166721AC9C6E00CB25BB /* CollectionViewCell.swift */; };
		D760166A21ACAC2700CB25BB /* navViewController.swift in Sources */ = {isa = PBXBuildFile; fileRef = D760166921ACAC2700CB25BB /* navViewController.swift */; };
		D760166D21ACC22E00CB25BB /* UITableView+RelodeWithAnimation.swift in Sources */ = {isa = PBXBuildFile; fileRef = D760166C21ACC22E00CB25BB /* UITableView+RelodeWithAnimation.swift */; };
		D760166F21ACE20300CB25BB /* SearchBar+BarColor.swift in Sources */ = {isa = PBXBuildFile; fileRef = D760166E21ACE20200CB25BB /* SearchBar+BarColor.swift */; };
		D767DF3B21B8D2890027DA85 /* String+RemoveHTML.swift in Sources */ = {isa = PBXBuildFile; fileRef = D767DF3A21B8D2890027DA85 /* String+RemoveHTML.swift */; };
		D77CDBD122761DD80092ECAA /* LaunchScreen2ViewController.swift in Sources */ = {isa = PBXBuildFile; fileRef = D77CDBD022761DD80092ECAA /* LaunchScreen2ViewController.swift */; };
		D77D9D2121C7459400010AFC /* TableViewCell.swift in Sources */ = {isa = PBXBuildFile; fileRef = D77D9D2021C7459400010AFC /* TableViewCell.swift */; };
		D77D9D2321C7576200010AFC /* UITableView+reloadSearch.swift in Sources */ = {isa = PBXBuildFile; fileRef = D77D9D2221C7576200010AFC /* UITableView+reloadSearch.swift */; };
		D7870C4421E805B5008A7206 /* ClubChatVC.swift in Sources */ = {isa = PBXBuildFile; fileRef = D7870C4321E805B5008A7206 /* ClubChatVC.swift */; };
		D7870C4621E80D0F008A7206 /* ChatHeaderTableViewCell.swift in Sources */ = {isa = PBXBuildFile; fileRef = D7870C4521E80D0F008A7206 /* ChatHeaderTableViewCell.swift */; };
		D78FFBF12201374C00B9ABBF /* ProfileViewController.swift in Sources */ = {isa = PBXBuildFile; fileRef = D78FFBF02201374C00B9ABBF /* ProfileViewController.swift */; };
		D797BEE621E8224F005500DD /* ResponceTableViewCell.swift in Sources */ = {isa = PBXBuildFile; fileRef = D797BEE521E8224F005500DD /* ResponceTableViewCell.swift */; };
		D7A20DC221DA884B00304D86 /* ClubCreationVC.swift in Sources */ = {isa = PBXBuildFile; fileRef = D7A20DC121DA884B00304D86 /* ClubCreationVC.swift */; };
		D7A20DC421DA8EC300304D86 /* UITextFeild+LineColor.swift in Sources */ = {isa = PBXBuildFile; fileRef = D7A20DC321DA8EC300304D86 /* UITextFeild+LineColor.swift */; };
		D7A20DC621DAAD2000304D86 /* LastStepVC.swift in Sources */ = {isa = PBXBuildFile; fileRef = D7A20DC521DAAD2000304D86 /* LastStepVC.swift */; };
		D7A4389822069593007F9F7A /* BucketView.swift in Sources */ = {isa = PBXBuildFile; fileRef = D7A4389722069593007F9F7A /* BucketView.swift */; };
		D7AF62C421EAB5AC00101919 /* CatagoryCollectionViewCell.swift in Sources */ = {isa = PBXBuildFile; fileRef = D7AF62C321EAB5AC00101919 /* CatagoryCollectionViewCell.swift */; };
		D7D1194D227293D800E7D91F /* Help1ViewController.swift in Sources */ = {isa = PBXBuildFile; fileRef = D7D1194C227293D800E7D91F /* Help1ViewController.swift */; };
		D7D1194F22729DB000E7D91F /* Help2ViewController.swift in Sources */ = {isa = PBXBuildFile; fileRef = D7D1194E22729DB000E7D91F /* Help2ViewController.swift */; };
		D7D119512272A1ED00E7D91F /* HelpPageViewController.swift in Sources */ = {isa = PBXBuildFile; fileRef = D7D119502272A1ED00E7D91F /* HelpPageViewController.swift */; };
		D7E15D5022027A3C006BA3F2 /* catagoryVC.swift in Sources */ = {isa = PBXBuildFile; fileRef = D7E15D4F22027A3C006BA3F2 /* catagoryVC.swift */; };
		D7E2DC9921AE04BB001E0DE8 /* MiniController.swift in Sources */ = {isa = PBXBuildFile; fileRef = D7E2DC9821AE04BB001E0DE8 /* MiniController.swift */; };
		D7F365D321B0D352007F2CD9 /* slider.swift in Sources */ = {isa = PBXBuildFile; fileRef = D7F365D221B0D352007F2CD9 /* slider.swift */; };
		D7F4A59D21CBEE9A006626FB /* CloudKit.framework in Frameworks */ = {isa = PBXBuildFile; fileRef = D7F4A59C21CBEE9A006626FB /* CloudKit.framework */; };
/* End PBXBuildFile section */

/* Begin PBXContainerItemProxy section */
		D744776821A4BB1F00270726 /* PBXContainerItemProxy */ = {
			isa = PBXContainerItemProxy;
			containerPortal = D744774921A4BB1D00270726 /* Project object */;
			proxyType = 1;
			remoteGlobalIDString = D744775021A4BB1D00270726;
			remoteInfo = "Cast Club";
		};
		D744777321A4BB1F00270726 /* PBXContainerItemProxy */ = {
			isa = PBXContainerItemProxy;
			containerPortal = D744774921A4BB1D00270726 /* Project object */;
			proxyType = 1;
			remoteGlobalIDString = D744775021A4BB1D00270726;
			remoteInfo = "Cast Club";
		};
/* End PBXContainerItemProxy section */

/* Begin PBXFileReference section */
		132A83E24B1AA60FADB60849 /* Pods-Cast ClubTests.release.xcconfig */ = {isa = PBXFileReference; includeInIndex = 1; lastKnownFileType = text.xcconfig; name = "Pods-Cast ClubTests.release.xcconfig"; path = "Pods/Target Support Files/Pods-Cast ClubTests/Pods-Cast ClubTests.release.xcconfig"; sourceTree = "<group>"; };
		211BDD7621A9F1560025A132 /* PlayPodcastViewController.swift */ = {isa = PBXFileReference; lastKnownFileType = sourcecode.swift; path = PlayPodcastViewController.swift; sourceTree = "<group>"; };
		212C621D21DEE8E4002B6AF9 /* SubscribeButton.swift */ = {isa = PBXFileReference; lastKnownFileType = sourcecode.swift; path = SubscribeButton.swift; sourceTree = "<group>"; };
		213AE1E421AA4F140007251B /* AudioDownloadHelper.swift */ = {isa = PBXFileReference; lastKnownFileType = sourcecode.swift; path = AudioDownloadHelper.swift; sourceTree = "<group>"; };
		2145CB7621F7D75B002F307A /* ErrorView.swift */ = {isa = PBXFileReference; lastKnownFileType = sourcecode.swift; path = ErrorView.swift; sourceTree = "<group>"; };
		2163563C21D1350300EF63C8 /* CloudKitHelper.swift */ = {isa = PBXFileReference; lastKnownFileType = sourcecode.swift; path = CloudKitHelper.swift; sourceTree = "<group>"; };
		2163563E21D1558C00EF63C8 /* Club.swift */ = {isa = PBXFileReference; lastKnownFileType = sourcecode.swift; path = Club.swift; sourceTree = "<group>"; };
		218A877A21D93094008541AC /* Message.swift */ = {isa = PBXFileReference; lastKnownFileType = sourcecode.swift; path = Message.swift; sourceTree = "<group>"; };
		218C530821A87C260083EA38 /* SearchPodcastsViewController.swift */ = {isa = PBXFileReference; lastKnownFileType = sourcecode.swift; path = SearchPodcastsViewController.swift; sourceTree = "<group>"; };
		21A021A9226CFE85005AD3E7 /* PrivateClubRequestViewController.swift */ = {isa = PBXFileReference; lastKnownFileType = sourcecode.swift; path = PrivateClubRequestViewController.swift; sourceTree = "<group>"; };
		21AEF17F21B095DA000DDA49 /* RemoteControlsHelper.swift */ = {isa = PBXFileReference; lastKnownFileType = sourcecode.swift; path = RemoteControlsHelper.swift; sourceTree = "<group>"; };
		21C7A19821A8B7E200F57A3C /* AlbumViewController.swift */ = {isa = PBXFileReference; lastKnownFileType = sourcecode.swift; path = AlbumViewController.swift; sourceTree = "<group>"; };
		21C87D4521A87FF300F9E727 /* TunesHelper.swift */ = {isa = PBXFileReference; lastKnownFileType = sourcecode.swift; path = TunesHelper.swift; sourceTree = "<group>"; };
		21C87D4721A883DF00F9E727 /* PodcastAlbum.swift */ = {isa = PBXFileReference; lastKnownFileType = sourcecode.swift; path = PodcastAlbum.swift; sourceTree = "<group>"; };
		21CB313921AF53D7006677F8 /* PodcastTablBarController.swift */ = {isa = PBXFileReference; lastKnownFileType = sourcecode.swift; path = PodcastTablBarController.swift; sourceTree = "<group>"; };
		21D13FB521A9E7E40087F00E /* Podcast.swift */ = {isa = PBXFileReference; lastKnownFileType = sourcecode.swift; path = Podcast.swift; sourceTree = "<group>"; };
		21D13FB721A9E8380087F00E /* FeedHelper.swift */ = {isa = PBXFileReference; lastKnownFileType = sourcecode.swift; path = FeedHelper.swift; sourceTree = "<group>"; };
		469DDBDC6BBE1707C49B41FF /* Pods-Cast Club.release.xcconfig */ = {isa = PBXFileReference; includeInIndex = 1; lastKnownFileType = text.xcconfig; name = "Pods-Cast Club.release.xcconfig"; path = "Pods/Target Support Files/Pods-Cast Club/Pods-Cast Club.release.xcconfig"; sourceTree = "<group>"; };
		4CAA173D3350B363826750F9 /* Pods-Cast ClubUITests.debug.xcconfig */ = {isa = PBXFileReference; includeInIndex = 1; lastKnownFileType = text.xcconfig; name = "Pods-Cast ClubUITests.debug.xcconfig"; path = "Pods/Target Support Files/Pods-Cast ClubUITests/Pods-Cast ClubUITests.debug.xcconfig"; sourceTree = "<group>"; };
		87DFBC75432441FC2D0D22D3 /* Pods_Cast_Club.framework */ = {isa = PBXFileReference; explicitFileType = wrapper.framework; includeInIndex = 0; path = Pods_Cast_Club.framework; sourceTree = BUILT_PRODUCTS_DIR; };
		B72759A3A09F7595827FC5B6 /* Pods-Cast Club.debug.xcconfig */ = {isa = PBXFileReference; includeInIndex = 1; lastKnownFileType = text.xcconfig; name = "Pods-Cast Club.debug.xcconfig"; path = "Pods/Target Support Files/Pods-Cast Club/Pods-Cast Club.debug.xcconfig"; sourceTree = "<group>"; };
		BCF7D563C98ACDE4735780BC /* Pods_Cast_ClubTests.framework */ = {isa = PBXFileReference; explicitFileType = wrapper.framework; includeInIndex = 0; path = Pods_Cast_ClubTests.framework; sourceTree = BUILT_PRODUCTS_DIR; };
		CC0A1B1CF8D6A51F3BB8F8C5 /* Pods_Cast_ClubUITests.framework */ = {isa = PBXFileReference; explicitFileType = wrapper.framework; includeInIndex = 0; path = Pods_Cast_ClubUITests.framework; sourceTree = BUILT_PRODUCTS_DIR; };
		CD19E3BB63A300D4CAAC00A6 /* Pods-Cast ClubUITests.release.xcconfig */ = {isa = PBXFileReference; includeInIndex = 1; lastKnownFileType = text.xcconfig; name = "Pods-Cast ClubUITests.release.xcconfig"; path = "Pods/Target Support Files/Pods-Cast ClubUITests/Pods-Cast ClubUITests.release.xcconfig"; sourceTree = "<group>"; };
		D70A84D022010ECE00893744 /* CreateUsernameVC.swift */ = {isa = PBXFileReference; lastKnownFileType = sourcecode.swift; path = CreateUsernameVC.swift; sourceTree = "<group>"; };
		D70A84D22201105800893744 /* createView.swift */ = {isa = PBXFileReference; lastKnownFileType = sourcecode.swift; path = createView.swift; sourceTree = "<group>"; };
		D7101DC82272776F00F2C399 /* ReplyViewController.swift */ = {isa = PBXFileReference; lastKnownFileType = sourcecode.swift; path = ReplyViewController.swift; sourceTree = "<group>"; };
		D715DAB821E27E6800C53708 /* DoneView.swift */ = {isa = PBXFileReference; fileEncoding = 4; lastKnownFileType = sourcecode.swift; path = DoneView.swift; sourceTree = "<group>"; };
		D7380BB721A62E21003D19F8 /* Mont-HeavyDEMO.otf */ = {isa = PBXFileReference; lastKnownFileType = file; path = "Mont-HeavyDEMO.otf"; sourceTree = "<group>"; };
		D7388BA421C6F5AE00C6869D /* ErrorPopUp.swift */ = {isa = PBXFileReference; lastKnownFileType = sourcecode.swift; path = ErrorPopUp.swift; sourceTree = "<group>"; };
		D743D84F2274C7BA00EDA69F /* Help0ViewController.swift */ = {isa = PBXFileReference; lastKnownFileType = sourcecode.swift; path = Help0ViewController.swift; sourceTree = "<group>"; };
		D744775121A4BB1D00270726 /* Pod Talk.app */ = {isa = PBXFileReference; explicitFileType = wrapper.application; includeInIndex = 0; path = "Pod Talk.app"; sourceTree = BUILT_PRODUCTS_DIR; };
		D744775421A4BB1D00270726 /* AppDelegate.swift */ = {isa = PBXFileReference; lastKnownFileType = sourcecode.swift; path = AppDelegate.swift; sourceTree = "<group>"; };
		D744775621A4BB1D00270726 /* FirstViewController.swift */ = {isa = PBXFileReference; lastKnownFileType = sourcecode.swift; path = FirstViewController.swift; sourceTree = "<group>"; };
		D744775821A4BB1D00270726 /* SecondViewController.swift */ = {isa = PBXFileReference; lastKnownFileType = sourcecode.swift; path = SecondViewController.swift; sourceTree = "<group>"; };
		D744775B21A4BB1D00270726 /* Base */ = {isa = PBXFileReference; lastKnownFileType = file.storyboard; name = Base; path = Base.lproj/Main.storyboard; sourceTree = "<group>"; };
		D744775D21A4BB1F00270726 /* Assets.xcassets */ = {isa = PBXFileReference; lastKnownFileType = folder.assetcatalog; path = Assets.xcassets; sourceTree = "<group>"; };
		D744776021A4BB1F00270726 /* Base */ = {isa = PBXFileReference; lastKnownFileType = file.storyboard; name = Base; path = Base.lproj/LaunchScreen.storyboard; sourceTree = "<group>"; };
		D744776221A4BB1F00270726 /* Info.plist */ = {isa = PBXFileReference; lastKnownFileType = text.plist.xml; path = Info.plist; sourceTree = "<group>"; };
		D744776721A4BB1F00270726 /* Cast ClubTests.xctest */ = {isa = PBXFileReference; explicitFileType = wrapper.cfbundle; includeInIndex = 0; path = "Cast ClubTests.xctest"; sourceTree = BUILT_PRODUCTS_DIR; };
		D744776B21A4BB1F00270726 /* Cast_ClubTests.swift */ = {isa = PBXFileReference; lastKnownFileType = sourcecode.swift; path = Cast_ClubTests.swift; sourceTree = "<group>"; };
		D744776D21A4BB1F00270726 /* Info.plist */ = {isa = PBXFileReference; lastKnownFileType = text.plist.xml; path = Info.plist; sourceTree = "<group>"; };
		D744777221A4BB1F00270726 /* Cast ClubUITests.xctest */ = {isa = PBXFileReference; explicitFileType = wrapper.cfbundle; includeInIndex = 0; path = "Cast ClubUITests.xctest"; sourceTree = BUILT_PRODUCTS_DIR; };
		D744777621A4BB1F00270726 /* Cast_ClubUITests.swift */ = {isa = PBXFileReference; lastKnownFileType = sourcecode.swift; path = Cast_ClubUITests.swift; sourceTree = "<group>"; };
		D744777821A4BB1F00270726 /* Info.plist */ = {isa = PBXFileReference; lastKnownFileType = text.plist.xml; path = Info.plist; sourceTree = "<group>"; };
		D74731D521FCE6FD00700FD4 /* PostVC.swift */ = {isa = PBXFileReference; lastKnownFileType = sourcecode.swift; path = PostVC.swift; sourceTree = "<group>"; };
		D752494F21D982110066C5D9 /* ClubVC.swift */ = {isa = PBXFileReference; lastKnownFileType = sourcecode.swift; path = ClubVC.swift; sourceTree = "<group>"; };
		D752495121D98E930066C5D9 /* ClubTableViewCell.swift */ = {isa = PBXFileReference; lastKnownFileType = sourcecode.swift; path = ClubTableViewCell.swift; sourceTree = "<group>"; };
		D760166521AC84DC00CB25BB /* SearchBar.swift */ = {isa = PBXFileReference; lastKnownFileType = sourcecode.swift; path = SearchBar.swift; sourceTree = "<group>"; };
		D760166721AC9C6E00CB25BB /* CollectionViewCell.swift */ = {isa = PBXFileReference; lastKnownFileType = sourcecode.swift; path = CollectionViewCell.swift; sourceTree = "<group>"; };
		D760166921ACAC2700CB25BB /* navViewController.swift */ = {isa = PBXFileReference; lastKnownFileType = sourcecode.swift; path = navViewController.swift; sourceTree = "<group>"; };
		D760166C21ACC22E00CB25BB /* UITableView+RelodeWithAnimation.swift */ = {isa = PBXFileReference; lastKnownFileType = sourcecode.swift; path = "UITableView+RelodeWithAnimation.swift"; sourceTree = "<group>"; };
		D760166E21ACE20200CB25BB /* SearchBar+BarColor.swift */ = {isa = PBXFileReference; lastKnownFileType = sourcecode.swift; path = "SearchBar+BarColor.swift"; sourceTree = "<group>"; };
		D767DF3A21B8D2890027DA85 /* String+RemoveHTML.swift */ = {isa = PBXFileReference; lastKnownFileType = sourcecode.swift; path = "String+RemoveHTML.swift"; sourceTree = "<group>"; };
		D77CDBD022761DD80092ECAA /* LaunchScreen2ViewController.swift */ = {isa = PBXFileReference; lastKnownFileType = sourcecode.swift; path = LaunchScreen2ViewController.swift; sourceTree = "<group>"; };
		D77D9D2021C7459400010AFC /* TableViewCell.swift */ = {isa = PBXFileReference; lastKnownFileType = sourcecode.swift; path = TableViewCell.swift; sourceTree = "<group>"; };
		D77D9D2221C7576200010AFC /* UITableView+reloadSearch.swift */ = {isa = PBXFileReference; lastKnownFileType = sourcecode.swift; path = "UITableView+reloadSearch.swift"; sourceTree = "<group>"; };
		D7870C4321E805B5008A7206 /* ClubChatVC.swift */ = {isa = PBXFileReference; lastKnownFileType = sourcecode.swift; path = ClubChatVC.swift; sourceTree = "<group>"; };
		D7870C4521E80D0F008A7206 /* ChatHeaderTableViewCell.swift */ = {isa = PBXFileReference; lastKnownFileType = sourcecode.swift; path = ChatHeaderTableViewCell.swift; sourceTree = "<group>"; };
		D78FFBF02201374C00B9ABBF /* ProfileViewController.swift */ = {isa = PBXFileReference; lastKnownFileType = sourcecode.swift; path = ProfileViewController.swift; sourceTree = "<group>"; };
		D797BEE521E8224F005500DD /* ResponceTableViewCell.swift */ = {isa = PBXFileReference; lastKnownFileType = sourcecode.swift; path = ResponceTableViewCell.swift; sourceTree = "<group>"; };
		D7A20DC121DA884B00304D86 /* ClubCreationVC.swift */ = {isa = PBXFileReference; lastKnownFileType = sourcecode.swift; path = ClubCreationVC.swift; sourceTree = "<group>"; };
		D7A20DC321DA8EC300304D86 /* UITextFeild+LineColor.swift */ = {isa = PBXFileReference; lastKnownFileType = sourcecode.swift; path = "UITextFeild+LineColor.swift"; sourceTree = "<group>"; };
		D7A20DC521DAAD2000304D86 /* LastStepVC.swift */ = {isa = PBXFileReference; lastKnownFileType = sourcecode.swift; path = LastStepVC.swift; sourceTree = "<group>"; };
		D7A4389722069593007F9F7A /* BucketView.swift */ = {isa = PBXFileReference; lastKnownFileType = sourcecode.swift; path = BucketView.swift; sourceTree = "<group>"; };
		D7AF62C321EAB5AC00101919 /* CatagoryCollectionViewCell.swift */ = {isa = PBXFileReference; lastKnownFileType = sourcecode.swift; path = CatagoryCollectionViewCell.swift; sourceTree = "<group>"; };
		D7D1194C227293D800E7D91F /* Help1ViewController.swift */ = {isa = PBXFileReference; lastKnownFileType = sourcecode.swift; path = Help1ViewController.swift; sourceTree = "<group>"; };
		D7D1194E22729DB000E7D91F /* Help2ViewController.swift */ = {isa = PBXFileReference; lastKnownFileType = sourcecode.swift; path = Help2ViewController.swift; sourceTree = "<group>"; };
		D7D119502272A1ED00E7D91F /* HelpPageViewController.swift */ = {isa = PBXFileReference; lastKnownFileType = sourcecode.swift; path = HelpPageViewController.swift; sourceTree = "<group>"; };
		D7E15D4F22027A3C006BA3F2 /* catagoryVC.swift */ = {isa = PBXFileReference; lastKnownFileType = sourcecode.swift; path = catagoryVC.swift; sourceTree = "<group>"; };
		D7E2DC9821AE04BB001E0DE8 /* MiniController.swift */ = {isa = PBXFileReference; lastKnownFileType = sourcecode.swift; path = MiniController.swift; sourceTree = "<group>"; };
		D7F365D221B0D352007F2CD9 /* slider.swift */ = {isa = PBXFileReference; lastKnownFileType = sourcecode.swift; path = slider.swift; sourceTree = "<group>"; };
		D7F4A59B21CBEE97006626FB /* Pod Talk.entitlements */ = {isa = PBXFileReference; lastKnownFileType = text.plist.entitlements; path = "Pod Talk.entitlements"; sourceTree = "<group>"; };
		D7F4A59C21CBEE9A006626FB /* CloudKit.framework */ = {isa = PBXFileReference; lastKnownFileType = wrapper.framework; name = CloudKit.framework; path = System/Library/Frameworks/CloudKit.framework; sourceTree = SDKROOT; };
		DE091DA3C8396931DF9C4B85 /* Pods-Cast ClubTests.debug.xcconfig */ = {isa = PBXFileReference; includeInIndex = 1; lastKnownFileType = text.xcconfig; name = "Pods-Cast ClubTests.debug.xcconfig"; path = "Pods/Target Support Files/Pods-Cast ClubTests/Pods-Cast ClubTests.debug.xcconfig"; sourceTree = "<group>"; };
/* End PBXFileReference section */

/* Begin PBXFrameworksBuildPhase section */
		D744774E21A4BB1D00270726 /* Frameworks */ = {
			isa = PBXFrameworksBuildPhase;
			buildActionMask = 2147483647;
			files = (
				CC7EB3C19D306844332EB570 /* Pods_Cast_Club.framework in Frameworks */,
				D7F4A59D21CBEE9A006626FB /* CloudKit.framework in Frameworks */,
			);
			runOnlyForDeploymentPostprocessing = 0;
		};
		D744776421A4BB1F00270726 /* Frameworks */ = {
			isa = PBXFrameworksBuildPhase;
			buildActionMask = 2147483647;
			files = (
				127AD3A5EE784F7684203773 /* Pods_Cast_ClubTests.framework in Frameworks */,
			);
			runOnlyForDeploymentPostprocessing = 0;
		};
		D744776F21A4BB1F00270726 /* Frameworks */ = {
			isa = PBXFrameworksBuildPhase;
			buildActionMask = 2147483647;
			files = (
				7D9B7A4D6109563FC3AC3D8C /* Pods_Cast_ClubUITests.framework in Frameworks */,
			);
			runOnlyForDeploymentPostprocessing = 0;
		};
/* End PBXFrameworksBuildPhase section */

/* Begin PBXGroup section */
		18659285187CBCC0541CC14A /* Pods */ = {
			isa = PBXGroup;
			children = (
				B72759A3A09F7595827FC5B6 /* Pods-Cast Club.debug.xcconfig */,
				469DDBDC6BBE1707C49B41FF /* Pods-Cast Club.release.xcconfig */,
				DE091DA3C8396931DF9C4B85 /* Pods-Cast ClubTests.debug.xcconfig */,
				132A83E24B1AA60FADB60849 /* Pods-Cast ClubTests.release.xcconfig */,
				4CAA173D3350B363826750F9 /* Pods-Cast ClubUITests.debug.xcconfig */,
				CD19E3BB63A300D4CAAC00A6 /* Pods-Cast ClubUITests.release.xcconfig */,
			);
			name = Pods;
			sourceTree = "<group>";
		};
		21C87D4421A87FD000F9E727 /* Model */ = {
			isa = PBXGroup;
			children = (
				21C87D4521A87FF300F9E727 /* TunesHelper.swift */,
				21C87D4721A883DF00F9E727 /* PodcastAlbum.swift */,
				21D13FB521A9E7E40087F00E /* Podcast.swift */,
				21D13FB721A9E8380087F00E /* FeedHelper.swift */,
				213AE1E421AA4F140007251B /* AudioDownloadHelper.swift */,
				21AEF17F21B095DA000DDA49 /* RemoteControlsHelper.swift */,
				2163563C21D1350300EF63C8 /* CloudKitHelper.swift */,
				2163563E21D1558C00EF63C8 /* Club.swift */,
				218A877A21D93094008541AC /* Message.swift */,
			);
			name = Model;
			sourceTree = "<group>";
		};
		2CBDBEECBF13757D38E8349E /* Frameworks */ = {
			isa = PBXGroup;
			children = (
				D7F4A59C21CBEE9A006626FB /* CloudKit.framework */,
				87DFBC75432441FC2D0D22D3 /* Pods_Cast_Club.framework */,
				BCF7D563C98ACDE4735780BC /* Pods_Cast_ClubTests.framework */,
				CC0A1B1CF8D6A51F3BB8F8C5 /* Pods_Cast_ClubUITests.framework */,
			);
			name = Frameworks;
			sourceTree = "<group>";
		};
		D715DAB721E27E5700C53708 /* Animations */ = {
			isa = PBXGroup;
			children = (
				D715DAB821E27E6800C53708 /* DoneView.swift */,
			);
			name = Animations;
			sourceTree = "<group>";
		};
		D743D8512274C97B00EDA69F /* On Board */ = {
			isa = PBXGroup;
			children = (
				D743D84F2274C7BA00EDA69F /* Help0ViewController.swift */,
				D7D1194C227293D800E7D91F /* Help1ViewController.swift */,
				D7D1194E22729DB000E7D91F /* Help2ViewController.swift */,
				D7D119502272A1ED00E7D91F /* HelpPageViewController.swift */,
			);
			name = "On Board";
			sourceTree = "<group>";
		};
		D744774821A4BB1D00270726 = {
			isa = PBXGroup;
			children = (
				D744775321A4BB1D00270726 /* Cast Club */,
				D744776A21A4BB1F00270726 /* Cast ClubTests */,
				D744777521A4BB1F00270726 /* Cast ClubUITests */,
				D744775221A4BB1D00270726 /* Products */,
				18659285187CBCC0541CC14A /* Pods */,
				2CBDBEECBF13757D38E8349E /* Frameworks */,
			);
			sourceTree = "<group>";
		};
		D744775221A4BB1D00270726 /* Products */ = {
			isa = PBXGroup;
			children = (
				D744775121A4BB1D00270726 /* Pod Talk.app */,
				D744776721A4BB1F00270726 /* Cast ClubTests.xctest */,
				D744777221A4BB1F00270726 /* Cast ClubUITests.xctest */,
			);
			name = Products;
			sourceTree = "<group>";
		};
		D744775321A4BB1D00270726 /* Cast Club */ = {
			isa = PBXGroup;
			children = (
				D7F4A59B21CBEE97006626FB /* Pod Talk.entitlements */,
				D760166B21ACC1F500CB25BB /* Extensions */,
				D715DAB721E27E5700C53708 /* Animations */,
				D760166421AC84BD00CB25BB /* View */,
				21C87D4421A87FD000F9E727 /* Model */,
				D743D8512274C97B00EDA69F /* On Board */,
				D744775621A4BB1D00270726 /* FirstViewController.swift */,
				D77CDBD022761DD80092ECAA /* LaunchScreen2ViewController.swift */,
				D744775821A4BB1D00270726 /* SecondViewController.swift */,
				D78FFBF02201374C00B9ABBF /* ProfileViewController.swift */,
				D7E15D4F22027A3C006BA3F2 /* catagoryVC.swift */,
				D7870C4321E805B5008A7206 /* ClubChatVC.swift */,
				D7101DC82272776F00F2C399 /* ReplyViewController.swift */,
				D74731D521FCE6FD00700FD4 /* PostVC.swift */,
				D752494F21D982110066C5D9 /* ClubVC.swift */,
				D7A20DC121DA884B00304D86 /* ClubCreationVC.swift */,
				D70A84D022010ECE00893744 /* CreateUsernameVC.swift */,
				D7A20DC521DAAD2000304D86 /* LastStepVC.swift */,
				218C530821A87C260083EA38 /* SearchPodcastsViewController.swift */,
				21C7A19821A8B7E200F57A3C /* AlbumViewController.swift */,
				211BDD7621A9F1560025A132 /* PlayPodcastViewController.swift */,
				21CB313921AF53D7006677F8 /* PodcastTablBarController.swift */,
				21A021A9226CFE85005AD3E7 /* PrivateClubRequestViewController.swift */,
				D744775421A4BB1D00270726 /* AppDelegate.swift */,
				D744775A21A4BB1D00270726 /* Main.storyboard */,
				D744775D21A4BB1F00270726 /* Assets.xcassets */,
				D744775F21A4BB1F00270726 /* LaunchScreen.storyboard */,
				D744776221A4BB1F00270726 /* Info.plist */,
				D7380BB721A62E21003D19F8 /* Mont-HeavyDEMO.otf */,
			);
			path = "Cast Club";
			sourceTree = "<group>";
		};
		D744776A21A4BB1F00270726 /* Cast ClubTests */ = {
			isa = PBXGroup;
			children = (
				D744776B21A4BB1F00270726 /* Cast_ClubTests.swift */,
				D744776D21A4BB1F00270726 /* Info.plist */,
			);
			path = "Cast ClubTests";
			sourceTree = "<group>";
		};
		D744777521A4BB1F00270726 /* Cast ClubUITests */ = {
			isa = PBXGroup;
			children = (
				D744777621A4BB1F00270726 /* Cast_ClubUITests.swift */,
				D744777821A4BB1F00270726 /* Info.plist */,
			);
			path = "Cast ClubUITests";
			sourceTree = "<group>";
		};
		D760166421AC84BD00CB25BB /* View */ = {
			isa = PBXGroup;
			children = (
				D760166521AC84DC00CB25BB /* SearchBar.swift */,
				D760166921ACAC2700CB25BB /* navViewController.swift */,
				D760166721AC9C6E00CB25BB /* CollectionViewCell.swift */,
				D7E2DC9821AE04BB001E0DE8 /* MiniController.swift */,
				D7F365D221B0D352007F2CD9 /* slider.swift */,
				D7388BA421C6F5AE00C6869D /* ErrorPopUp.swift */,
				D77D9D2021C7459400010AFC /* TableViewCell.swift */,
				D752495121D98E930066C5D9 /* ClubTableViewCell.swift */,
				212C621D21DEE8E4002B6AF9 /* SubscribeButton.swift */,
				D7870C4521E80D0F008A7206 /* ChatHeaderTableViewCell.swift */,
				D797BEE521E8224F005500DD /* ResponceTableViewCell.swift */,
				D7AF62C321EAB5AC00101919 /* CatagoryCollectionViewCell.swift */,
				2145CB7621F7D75B002F307A /* ErrorView.swift */,
				D70A84D22201105800893744 /* createView.swift */,
				D7A4389722069593007F9F7A /* BucketView.swift */,
			);
			name = View;
			sourceTree = "<group>";
		};
		D760166B21ACC1F500CB25BB /* Extensions */ = {
			isa = PBXGroup;
			children = (
				D760166C21ACC22E00CB25BB /* UITableView+RelodeWithAnimation.swift */,
				D760166E21ACE20200CB25BB /* SearchBar+BarColor.swift */,
				D767DF3A21B8D2890027DA85 /* String+RemoveHTML.swift */,
				D77D9D2221C7576200010AFC /* UITableView+reloadSearch.swift */,
				D7A20DC321DA8EC300304D86 /* UITextFeild+LineColor.swift */,
			);
			name = Extensions;
			sourceTree = "<group>";
		};
/* End PBXGroup section */

/* Begin PBXNativeTarget section */
		D744775021A4BB1D00270726 /* Cast Club */ = {
			isa = PBXNativeTarget;
			buildConfigurationList = D744777B21A4BB1F00270726 /* Build configuration list for PBXNativeTarget "Cast Club" */;
			buildPhases = (
				85CB499BA8CA8A047AF3D35A /* [CP] Check Pods Manifest.lock */,
				D744774D21A4BB1D00270726 /* Sources */,
				D744774E21A4BB1D00270726 /* Frameworks */,
				D744774F21A4BB1D00270726 /* Resources */,
				B87B4AEC20A250E4C0977D47 /* [CP] Embed Pods Frameworks */,
			);
			buildRules = (
			);
			dependencies = (
			);
			name = "Cast Club";
			productName = "Cast Club";
			productReference = D744775121A4BB1D00270726 /* Pod Talk.app */;
			productType = "com.apple.product-type.application";
		};
		D744776621A4BB1F00270726 /* Cast ClubTests */ = {
			isa = PBXNativeTarget;
			buildConfigurationList = D744777E21A4BB1F00270726 /* Build configuration list for PBXNativeTarget "Cast ClubTests" */;
			buildPhases = (
				C77802C555518FDDE3ED6641 /* [CP] Check Pods Manifest.lock */,
				D744776321A4BB1F00270726 /* Sources */,
				D744776421A4BB1F00270726 /* Frameworks */,
				D744776521A4BB1F00270726 /* Resources */,
			);
			buildRules = (
			);
			dependencies = (
				D744776921A4BB1F00270726 /* PBXTargetDependency */,
			);
			name = "Cast ClubTests";
			productName = "Cast ClubTests";
			productReference = D744776721A4BB1F00270726 /* Cast ClubTests.xctest */;
			productType = "com.apple.product-type.bundle.unit-test";
		};
		D744777121A4BB1F00270726 /* Cast ClubUITests */ = {
			isa = PBXNativeTarget;
			buildConfigurationList = D744778121A4BB1F00270726 /* Build configuration list for PBXNativeTarget "Cast ClubUITests" */;
			buildPhases = (
				570C4D150C3304EC6A207104 /* [CP] Check Pods Manifest.lock */,
				D744776E21A4BB1F00270726 /* Sources */,
				D744776F21A4BB1F00270726 /* Frameworks */,
				D744777021A4BB1F00270726 /* Resources */,
			);
			buildRules = (
			);
			dependencies = (
				D744777421A4BB1F00270726 /* PBXTargetDependency */,
			);
			name = "Cast ClubUITests";
			productName = "Cast ClubUITests";
			productReference = D744777221A4BB1F00270726 /* Cast ClubUITests.xctest */;
			productType = "com.apple.product-type.bundle.ui-testing";
		};
/* End PBXNativeTarget section */

/* Begin PBXProject section */
		D744774921A4BB1D00270726 /* Project object */ = {
			isa = PBXProject;
			attributes = {
				LastSwiftUpdateCheck = 1000;
				LastUpgradeCheck = 1000;
				ORGANIZATIONNAME = "Henry Macht";
				TargetAttributes = {
					D744775021A4BB1D00270726 = {
						CreatedOnToolsVersion = 10.0;
						SystemCapabilities = {
							com.apple.BackgroundModes = {
								enabled = 1;
							};
							com.apple.Push = {
								enabled = 1;
							};
							com.apple.iCloud = {
								enabled = 1;
							};
						};
					};
					D744776621A4BB1F00270726 = {
						CreatedOnToolsVersion = 10.0;
						TestTargetID = D744775021A4BB1D00270726;
					};
					D744777121A4BB1F00270726 = {
						CreatedOnToolsVersion = 10.0;
						TestTargetID = D744775021A4BB1D00270726;
					};
				};
			};
			buildConfigurationList = D744774C21A4BB1D00270726 /* Build configuration list for PBXProject "Cast Club" */;
			compatibilityVersion = "Xcode 9.3";
			developmentRegion = en;
			hasScannedForEncodings = 0;
			knownRegions = (
				en,
				Base,
			);
			mainGroup = D744774821A4BB1D00270726;
			productRefGroup = D744775221A4BB1D00270726 /* Products */;
			projectDirPath = "";
			projectRoot = "";
			targets = (
				D744775021A4BB1D00270726 /* Cast Club */,
				D744776621A4BB1F00270726 /* Cast ClubTests */,
				D744777121A4BB1F00270726 /* Cast ClubUITests */,
			);
		};
/* End PBXProject section */

/* Begin PBXResourcesBuildPhase section */
		D744774F21A4BB1D00270726 /* Resources */ = {
			isa = PBXResourcesBuildPhase;
			buildActionMask = 2147483647;
			files = (
				D744776121A4BB1F00270726 /* LaunchScreen.storyboard in Resources */,
				D744775E21A4BB1F00270726 /* Assets.xcassets in Resources */,
				D7380BB821A62E21003D19F8 /* Mont-HeavyDEMO.otf in Resources */,
				D744775C21A4BB1D00270726 /* Main.storyboard in Resources */,
			);
			runOnlyForDeploymentPostprocessing = 0;
		};
		D744776521A4BB1F00270726 /* Resources */ = {
			isa = PBXResourcesBuildPhase;
			buildActionMask = 2147483647;
			files = (
			);
			runOnlyForDeploymentPostprocessing = 0;
		};
		D744777021A4BB1F00270726 /* Resources */ = {
			isa = PBXResourcesBuildPhase;
			buildActionMask = 2147483647;
			files = (
			);
			runOnlyForDeploymentPostprocessing = 0;
		};
/* End PBXResourcesBuildPhase section */

/* Begin PBXShellScriptBuildPhase section */
		570C4D150C3304EC6A207104 /* [CP] Check Pods Manifest.lock */ = {
			isa = PBXShellScriptBuildPhase;
			buildActionMask = 2147483647;
			files = (
			);
			inputFileListPaths = (
			);
			inputPaths = (
				"${PODS_PODFILE_DIR_PATH}/Podfile.lock",
				"${PODS_ROOT}/Manifest.lock",
			);
			name = "[CP] Check Pods Manifest.lock";
			outputFileListPaths = (
			);
			outputPaths = (
				"$(DERIVED_FILE_DIR)/Pods-Cast ClubUITests-checkManifestLockResult.txt",
			);
			runOnlyForDeploymentPostprocessing = 0;
			shellPath = /bin/sh;
			shellScript = "diff \"${PODS_PODFILE_DIR_PATH}/Podfile.lock\" \"${PODS_ROOT}/Manifest.lock\" > /dev/null\nif [ $? != 0 ] ; then\n    # print error to STDERR\n    echo \"error: The sandbox is not in sync with the Podfile.lock. Run 'pod install' or update your CocoaPods installation.\" >&2\n    exit 1\nfi\n# This output is used by Xcode 'outputs' to avoid re-running this script phase.\necho \"SUCCESS\" > \"${SCRIPT_OUTPUT_FILE_0}\"\n";
			showEnvVarsInLog = 0;
		};
		85CB499BA8CA8A047AF3D35A /* [CP] Check Pods Manifest.lock */ = {
			isa = PBXShellScriptBuildPhase;
			buildActionMask = 2147483647;
			files = (
			);
			inputFileListPaths = (
			);
			inputPaths = (
				"${PODS_PODFILE_DIR_PATH}/Podfile.lock",
				"${PODS_ROOT}/Manifest.lock",
			);
			name = "[CP] Check Pods Manifest.lock";
			outputFileListPaths = (
			);
			outputPaths = (
				"$(DERIVED_FILE_DIR)/Pods-Cast Club-checkManifestLockResult.txt",
			);
			runOnlyForDeploymentPostprocessing = 0;
			shellPath = /bin/sh;
			shellScript = "diff \"${PODS_PODFILE_DIR_PATH}/Podfile.lock\" \"${PODS_ROOT}/Manifest.lock\" > /dev/null\nif [ $? != 0 ] ; then\n    # print error to STDERR\n    echo \"error: The sandbox is not in sync with the Podfile.lock. Run 'pod install' or update your CocoaPods installation.\" >&2\n    exit 1\nfi\n# This output is used by Xcode 'outputs' to avoid re-running this script phase.\necho \"SUCCESS\" > \"${SCRIPT_OUTPUT_FILE_0}\"\n";
			showEnvVarsInLog = 0;
		};
		B87B4AEC20A250E4C0977D47 /* [CP] Embed Pods Frameworks */ = {
			isa = PBXShellScriptBuildPhase;
			buildActionMask = 2147483647;
			files = (
			);
			inputFileListPaths = (
			);
			inputPaths = (
				"${SRCROOT}/Pods/Target Support Files/Pods-Cast Club/Pods-Cast Club-frameworks.sh",
				"${BUILT_PRODUCTS_DIR}/Alamofire/Alamofire.framework",
				"${BUILT_PRODUCTS_DIR}/FeedKit/FeedKit.framework",
			);
			name = "[CP] Embed Pods Frameworks";
			outputFileListPaths = (
			);
			outputPaths = (
				"${TARGET_BUILD_DIR}/${FRAMEWORKS_FOLDER_PATH}/Alamofire.framework",
				"${TARGET_BUILD_DIR}/${FRAMEWORKS_FOLDER_PATH}/FeedKit.framework",
			);
			runOnlyForDeploymentPostprocessing = 0;
			shellPath = /bin/sh;
			shellScript = "\"${SRCROOT}/Pods/Target Support Files/Pods-Cast Club/Pods-Cast Club-frameworks.sh\"\n";
			showEnvVarsInLog = 0;
		};
		C77802C555518FDDE3ED6641 /* [CP] Check Pods Manifest.lock */ = {
			isa = PBXShellScriptBuildPhase;
			buildActionMask = 2147483647;
			files = (
			);
			inputFileListPaths = (
			);
			inputPaths = (
				"${PODS_PODFILE_DIR_PATH}/Podfile.lock",
				"${PODS_ROOT}/Manifest.lock",
			);
			name = "[CP] Check Pods Manifest.lock";
			outputFileListPaths = (
			);
			outputPaths = (
				"$(DERIVED_FILE_DIR)/Pods-Cast ClubTests-checkManifestLockResult.txt",
			);
			runOnlyForDeploymentPostprocessing = 0;
			shellPath = /bin/sh;
			shellScript = "diff \"${PODS_PODFILE_DIR_PATH}/Podfile.lock\" \"${PODS_ROOT}/Manifest.lock\" > /dev/null\nif [ $? != 0 ] ; then\n    # print error to STDERR\n    echo \"error: The sandbox is not in sync with the Podfile.lock. Run 'pod install' or update your CocoaPods installation.\" >&2\n    exit 1\nfi\n# This output is used by Xcode 'outputs' to avoid re-running this script phase.\necho \"SUCCESS\" > \"${SCRIPT_OUTPUT_FILE_0}\"\n";
			showEnvVarsInLog = 0;
		};
/* End PBXShellScriptBuildPhase section */

/* Begin PBXSourcesBuildPhase section */
		D744774D21A4BB1D00270726 /* Sources */ = {
			isa = PBXSourcesBuildPhase;
			buildActionMask = 2147483647;
			files = (
				D7870C4621E80D0F008A7206 /* ChatHeaderTableViewCell.swift in Sources */,
				212C621E21DEE8E5002B6AF9 /* SubscribeButton.swift in Sources */,
				D7870C4421E805B5008A7206 /* ClubChatVC.swift in Sources */,
				213AE1E521AA4F140007251B /* AudioDownloadHelper.swift in Sources */,
				D744775921A4BB1D00270726 /* SecondViewController.swift in Sources */,
				D7A20DC421DA8EC300304D86 /* UITextFeild+LineColor.swift in Sources */,
				D7AF62C421EAB5AC00101919 /* CatagoryCollectionViewCell.swift in Sources */,
				D77D9D2321C7576200010AFC /* UITableView+reloadSearch.swift in Sources */,
				D70A84D32201105800893744 /* createView.swift in Sources */,
				2163563D21D1350300EF63C8 /* CloudKitHelper.swift in Sources */,
				D752495221D98E930066C5D9 /* ClubTableViewCell.swift in Sources */,
				D744775521A4BB1D00270726 /* AppDelegate.swift in Sources */,
				D7388BA521C6F5AE00C6869D /* ErrorPopUp.swift in Sources */,
				D7E2DC9921AE04BB001E0DE8 /* MiniController.swift in Sources */,
				D7A4389822069593007F9F7A /* BucketView.swift in Sources */,
				21C87D4621A87FF300F9E727 /* TunesHelper.swift in Sources */,
				D74731D621FCE6FD00700FD4 /* PostVC.swift in Sources */,
				D760166A21ACAC2700CB25BB /* navViewController.swift in Sources */,
				D744775721A4BB1D00270726 /* FirstViewController.swift in Sources */,
				D7A20DC221DA884B00304D86 /* ClubCreationVC.swift in Sources */,
				D7101DC92272776F00F2C399 /* ReplyViewController.swift in Sources */,
				D752495021D982110066C5D9 /* ClubVC.swift in Sources */,
				D7F365D321B0D352007F2CD9 /* slider.swift in Sources */,
				2163563F21D1558C00EF63C8 /* Club.swift in Sources */,
				D760166621AC84DC00CB25BB /* SearchBar.swift in Sources */,
				D767DF3B21B8D2890027DA85 /* String+RemoveHTML.swift in Sources */,
				21D13FB821A9E8380087F00E /* FeedHelper.swift in Sources */,
				D743D8502274C7BA00EDA69F /* Help0ViewController.swift in Sources */,
				211BDD7721A9F1560025A132 /* PlayPodcastViewController.swift in Sources */,
				D7A20DC621DAAD2000304D86 /* LastStepVC.swift in Sources */,
				D760166821AC9C6E00CB25BB /* CollectionViewCell.swift in Sources */,
				21C87D4821A883DF00F9E727 /* PodcastAlbum.swift in Sources */,
				D77CDBD122761DD80092ECAA /* LaunchScreen2ViewController.swift in Sources */,
				D797BEE621E8224F005500DD /* ResponceTableViewCell.swift in Sources */,
				D7D119512272A1ED00E7D91F /* HelpPageViewController.swift in Sources */,
				D7D1194F22729DB000E7D91F /* Help2ViewController.swift in Sources */,
				D7E15D5022027A3C006BA3F2 /* catagoryVC.swift in Sources */,
				218C530921A87C260083EA38 /* SearchPodcastsViewController.swift in Sources */,
				21AEF18021B095DA000DDA49 /* RemoteControlsHelper.swift in Sources */,
				D760166D21ACC22E00CB25BB /* UITableView+RelodeWithAnimation.swift in Sources */,
				218A877B21D93094008541AC /* Message.swift in Sources */,
				D760166F21ACE20300CB25BB /* SearchBar+BarColor.swift in Sources */,
				21CB313A21AF53D7006677F8 /* PodcastTablBarController.swift in Sources */,
				21D13FB621A9E7E40087F00E /* Podcast.swift in Sources */,
				D70A84D122010ECE00893744 /* CreateUsernameVC.swift in Sources */,
				21A021AA226CFE85005AD3E7 /* PrivateClubRequestViewController.swift in Sources */,
				21C7A19921A8B7E200F57A3C /* AlbumViewController.swift in Sources */,
				D715DAB921E27E6800C53708 /* DoneView.swift in Sources */,
				D78FFBF12201374C00B9ABBF /* ProfileViewController.swift in Sources */,
				D7D1194D227293D800E7D91F /* Help1ViewController.swift in Sources */,
				2145CB7721F7D75B002F307A /* ErrorView.swift in Sources */,
				D77D9D2121C7459400010AFC /* TableViewCell.swift in Sources */,
			);
			runOnlyForDeploymentPostprocessing = 0;
		};
		D744776321A4BB1F00270726 /* Sources */ = {
			isa = PBXSourcesBuildPhase;
			buildActionMask = 2147483647;
			files = (
				D744776C21A4BB1F00270726 /* Cast_ClubTests.swift in Sources */,
			);
			runOnlyForDeploymentPostprocessing = 0;
		};
		D744776E21A4BB1F00270726 /* Sources */ = {
			isa = PBXSourcesBuildPhase;
			buildActionMask = 2147483647;
			files = (
				D744777721A4BB1F00270726 /* Cast_ClubUITests.swift in Sources */,
			);
			runOnlyForDeploymentPostprocessing = 0;
		};
/* End PBXSourcesBuildPhase section */

/* Begin PBXTargetDependency section */
		D744776921A4BB1F00270726 /* PBXTargetDependency */ = {
			isa = PBXTargetDependency;
			target = D744775021A4BB1D00270726 /* Cast Club */;
			targetProxy = D744776821A4BB1F00270726 /* PBXContainerItemProxy */;
		};
		D744777421A4BB1F00270726 /* PBXTargetDependency */ = {
			isa = PBXTargetDependency;
			target = D744775021A4BB1D00270726 /* Cast Club */;
			targetProxy = D744777321A4BB1F00270726 /* PBXContainerItemProxy */;
		};
/* End PBXTargetDependency section */

/* Begin PBXVariantGroup section */
		D744775A21A4BB1D00270726 /* Main.storyboard */ = {
			isa = PBXVariantGroup;
			children = (
				D744775B21A4BB1D00270726 /* Base */,
			);
			name = Main.storyboard;
			sourceTree = "<group>";
		};
		D744775F21A4BB1F00270726 /* LaunchScreen.storyboard */ = {
			isa = PBXVariantGroup;
			children = (
				D744776021A4BB1F00270726 /* Base */,
			);
			name = LaunchScreen.storyboard;
			sourceTree = "<group>";
		};
/* End PBXVariantGroup section */

/* Begin XCBuildConfiguration section */
		D744777921A4BB1F00270726 /* Debug */ = {
			isa = XCBuildConfiguration;
			buildSettings = {
				ALWAYS_SEARCH_USER_PATHS = NO;
				CLANG_ANALYZER_NONNULL = YES;
				CLANG_ANALYZER_NUMBER_OBJECT_CONVERSION = YES_AGGRESSIVE;
				CLANG_CXX_LANGUAGE_STANDARD = "gnu++14";
				CLANG_CXX_LIBRARY = "libc++";
				CLANG_ENABLE_MODULES = YES;
				CLANG_ENABLE_OBJC_ARC = YES;
				CLANG_ENABLE_OBJC_WEAK = YES;
				CLANG_WARN_BLOCK_CAPTURE_AUTORELEASING = YES;
				CLANG_WARN_BOOL_CONVERSION = YES;
				CLANG_WARN_COMMA = YES;
				CLANG_WARN_CONSTANT_CONVERSION = YES;
				CLANG_WARN_DEPRECATED_OBJC_IMPLEMENTATIONS = YES;
				CLANG_WARN_DIRECT_OBJC_ISA_USAGE = YES_ERROR;
				CLANG_WARN_DOCUMENTATION_COMMENTS = YES;
				CLANG_WARN_EMPTY_BODY = YES;
				CLANG_WARN_ENUM_CONVERSION = YES;
				CLANG_WARN_INFINITE_RECURSION = YES;
				CLANG_WARN_INT_CONVERSION = YES;
				CLANG_WARN_NON_LITERAL_NULL_CONVERSION = YES;
				CLANG_WARN_OBJC_IMPLICIT_RETAIN_SELF = YES;
				CLANG_WARN_OBJC_LITERAL_CONVERSION = YES;
				CLANG_WARN_OBJC_ROOT_CLASS = YES_ERROR;
				CLANG_WARN_RANGE_LOOP_ANALYSIS = YES;
				CLANG_WARN_STRICT_PROTOTYPES = YES;
				CLANG_WARN_SUSPICIOUS_MOVE = YES;
				CLANG_WARN_UNGUARDED_AVAILABILITY = YES_AGGRESSIVE;
				CLANG_WARN_UNREACHABLE_CODE = YES;
				CLANG_WARN__DUPLICATE_METHOD_MATCH = YES;
				CODE_SIGN_IDENTITY = "iPhone Developer";
				COPY_PHASE_STRIP = NO;
				DEBUG_INFORMATION_FORMAT = dwarf;
				ENABLE_STRICT_OBJC_MSGSEND = YES;
				ENABLE_TESTABILITY = YES;
				GCC_C_LANGUAGE_STANDARD = gnu11;
				GCC_DYNAMIC_NO_PIC = NO;
				GCC_NO_COMMON_BLOCKS = YES;
				GCC_OPTIMIZATION_LEVEL = 0;
				GCC_PREPROCESSOR_DEFINITIONS = (
					"DEBUG=1",
					"$(inherited)",
				);
				GCC_WARN_64_TO_32_BIT_CONVERSION = YES;
				GCC_WARN_ABOUT_RETURN_TYPE = YES_ERROR;
				GCC_WARN_UNDECLARED_SELECTOR = YES;
				GCC_WARN_UNINITIALIZED_AUTOS = YES_AGGRESSIVE;
				GCC_WARN_UNUSED_FUNCTION = YES;
				GCC_WARN_UNUSED_VARIABLE = YES;
				IPHONEOS_DEPLOYMENT_TARGET = 12.0;
				MTL_ENABLE_DEBUG_INFO = INCLUDE_SOURCE;
				MTL_FAST_MATH = YES;
				ONLY_ACTIVE_ARCH = YES;
				SDKROOT = iphoneos;
				SWIFT_ACTIVE_COMPILATION_CONDITIONS = DEBUG;
				SWIFT_OPTIMIZATION_LEVEL = "-Onone";
			};
			name = Debug;
		};
		D744777A21A4BB1F00270726 /* Release */ = {
			isa = XCBuildConfiguration;
			buildSettings = {
				ALWAYS_SEARCH_USER_PATHS = NO;
				CLANG_ANALYZER_NONNULL = YES;
				CLANG_ANALYZER_NUMBER_OBJECT_CONVERSION = YES_AGGRESSIVE;
				CLANG_CXX_LANGUAGE_STANDARD = "gnu++14";
				CLANG_CXX_LIBRARY = "libc++";
				CLANG_ENABLE_MODULES = YES;
				CLANG_ENABLE_OBJC_ARC = YES;
				CLANG_ENABLE_OBJC_WEAK = YES;
				CLANG_WARN_BLOCK_CAPTURE_AUTORELEASING = YES;
				CLANG_WARN_BOOL_CONVERSION = YES;
				CLANG_WARN_COMMA = YES;
				CLANG_WARN_CONSTANT_CONVERSION = YES;
				CLANG_WARN_DEPRECATED_OBJC_IMPLEMENTATIONS = YES;
				CLANG_WARN_DIRECT_OBJC_ISA_USAGE = YES_ERROR;
				CLANG_WARN_DOCUMENTATION_COMMENTS = YES;
				CLANG_WARN_EMPTY_BODY = YES;
				CLANG_WARN_ENUM_CONVERSION = YES;
				CLANG_WARN_INFINITE_RECURSION = YES;
				CLANG_WARN_INT_CONVERSION = YES;
				CLANG_WARN_NON_LITERAL_NULL_CONVERSION = YES;
				CLANG_WARN_OBJC_IMPLICIT_RETAIN_SELF = YES;
				CLANG_WARN_OBJC_LITERAL_CONVERSION = YES;
				CLANG_WARN_OBJC_ROOT_CLASS = YES_ERROR;
				CLANG_WARN_RANGE_LOOP_ANALYSIS = YES;
				CLANG_WARN_STRICT_PROTOTYPES = YES;
				CLANG_WARN_SUSPICIOUS_MOVE = YES;
				CLANG_WARN_UNGUARDED_AVAILABILITY = YES_AGGRESSIVE;
				CLANG_WARN_UNREACHABLE_CODE = YES;
				CLANG_WARN__DUPLICATE_METHOD_MATCH = YES;
				CODE_SIGN_IDENTITY = "iPhone Developer";
				COPY_PHASE_STRIP = NO;
				DEBUG_INFORMATION_FORMAT = "dwarf-with-dsym";
				ENABLE_NS_ASSERTIONS = NO;
				ENABLE_STRICT_OBJC_MSGSEND = YES;
				GCC_C_LANGUAGE_STANDARD = gnu11;
				GCC_NO_COMMON_BLOCKS = YES;
				GCC_WARN_64_TO_32_BIT_CONVERSION = YES;
				GCC_WARN_ABOUT_RETURN_TYPE = YES_ERROR;
				GCC_WARN_UNDECLARED_SELECTOR = YES;
				GCC_WARN_UNINITIALIZED_AUTOS = YES_AGGRESSIVE;
				GCC_WARN_UNUSED_FUNCTION = YES;
				GCC_WARN_UNUSED_VARIABLE = YES;
				IPHONEOS_DEPLOYMENT_TARGET = 12.0;
				MTL_ENABLE_DEBUG_INFO = NO;
				MTL_FAST_MATH = YES;
				SDKROOT = iphoneos;
				SWIFT_COMPILATION_MODE = wholemodule;
				SWIFT_OPTIMIZATION_LEVEL = "-O";
				VALIDATE_PRODUCT = YES;
			};
			name = Release;
		};
		D744777C21A4BB1F00270726 /* Debug */ = {
			isa = XCBuildConfiguration;
			baseConfigurationReference = B72759A3A09F7595827FC5B6 /* Pods-Cast Club.debug.xcconfig */;
			buildSettings = {
				ASSETCATALOG_COMPILER_APPICON_NAME = AppIcon;
				CODE_SIGN_ENTITLEMENTS = "Cast Club/Pod Talk.entitlements";
				CODE_SIGN_STYLE = Automatic;
				DEVELOPMENT_TEAM = LCX682S6EY;
				INFOPLIST_FILE = "Cast Club/Info.plist";
				IPHONEOS_DEPLOYMENT_TARGET = 10.0;
				LD_RUNPATH_SEARCH_PATHS = (
					"$(inherited)",
					"@executable_path/Frameworks",
				);
				PRODUCT_BUNDLE_IDENTIFIER = "HT-Developement.CastClub2";
				PRODUCT_NAME = "Pod Talk";
				SWIFT_VERSION = 4.2;
				TARGETED_DEVICE_FAMILY = 1;
			};
			name = Debug;
		};
		D744777D21A4BB1F00270726 /* Release */ = {
			isa = XCBuildConfiguration;
			baseConfigurationReference = 469DDBDC6BBE1707C49B41FF /* Pods-Cast Club.release.xcconfig */;
			buildSettings = {
				ASSETCATALOG_COMPILER_APPICON_NAME = AppIcon;
				CODE_SIGN_ENTITLEMENTS = "Cast Club/Pod Talk.entitlements";
				CODE_SIGN_STYLE = Automatic;
				DEVELOPMENT_TEAM = LCX682S6EY;
				INFOPLIST_FILE = "Cast Club/Info.plist";
				IPHONEOS_DEPLOYMENT_TARGET = 10.0;
				LD_RUNPATH_SEARCH_PATHS = (
					"$(inherited)",
					"@executable_path/Frameworks",
				);
				PRODUCT_BUNDLE_IDENTIFIER = "HT-Developement.CastClub2";
				PRODUCT_NAME = "Pod Talk";
				SWIFT_VERSION = 4.2;
				TARGETED_DEVICE_FAMILY = 1;
			};
			name = Release;
		};
		D744777F21A4BB1F00270726 /* Debug */ = {
			isa = XCBuildConfiguration;
			baseConfigurationReference = DE091DA3C8396931DF9C4B85 /* Pods-Cast ClubTests.debug.xcconfig */;
			buildSettings = {
				ALWAYS_EMBED_SWIFT_STANDARD_LIBRARIES = YES;
				BUNDLE_LOADER = "$(TEST_HOST)";
				CODE_SIGN_STYLE = Automatic;
				DEVELOPMENT_TEAM = 9832H7K9P2;
				INFOPLIST_FILE = "Cast ClubTests/Info.plist";
				LD_RUNPATH_SEARCH_PATHS = (
					"$(inherited)",
					"@executable_path/Frameworks",
					"@loader_path/Frameworks",
				);
				PRODUCT_BUNDLE_IDENTIFIER = "HT-Developement.Cast-ClubTests";
				PRODUCT_NAME = "$(TARGET_NAME)";
				SWIFT_VERSION = 4.2;
				TARGETED_DEVICE_FAMILY = "1,2";
				TEST_HOST = "$(BUILT_PRODUCTS_DIR)/Cast Club.app/Cast Club";
			};
			name = Debug;
		};
		D744778021A4BB1F00270726 /* Release */ = {
			isa = XCBuildConfiguration;
			baseConfigurationReference = 132A83E24B1AA60FADB60849 /* Pods-Cast ClubTests.release.xcconfig */;
			buildSettings = {
				ALWAYS_EMBED_SWIFT_STANDARD_LIBRARIES = YES;
				BUNDLE_LOADER = "$(TEST_HOST)";
				CODE_SIGN_STYLE = Automatic;
				DEVELOPMENT_TEAM = 9832H7K9P2;
				INFOPLIST_FILE = "Cast ClubTests/Info.plist";
				LD_RUNPATH_SEARCH_PATHS = (
					"$(inherited)",
					"@executable_path/Frameworks",
					"@loader_path/Frameworks",
				);
				PRODUCT_BUNDLE_IDENTIFIER = "HT-Developement.Cast-ClubTests";
				PRODUCT_NAME = "$(TARGET_NAME)";
				SWIFT_VERSION = 4.2;
				TARGETED_DEVICE_FAMILY = "1,2";
				TEST_HOST = "$(BUILT_PRODUCTS_DIR)/Cast Club.app/Cast Club";
			};
			name = Release;
		};
		D744778221A4BB1F00270726 /* Debug */ = {
			isa = XCBuildConfiguration;
			baseConfigurationReference = 4CAA173D3350B363826750F9 /* Pods-Cast ClubUITests.debug.xcconfig */;
			buildSettings = {
				ALWAYS_EMBED_SWIFT_STANDARD_LIBRARIES = YES;
				CODE_SIGN_STYLE = Automatic;
				DEVELOPMENT_TEAM = 9832H7K9P2;
				INFOPLIST_FILE = "Cast ClubUITests/Info.plist";
				LD_RUNPATH_SEARCH_PATHS = (
					"$(inherited)",
					"@executable_path/Frameworks",
					"@loader_path/Frameworks",
				);
				PRODUCT_BUNDLE_IDENTIFIER = "HT-Developement.Cast-ClubUITests";
				PRODUCT_NAME = "$(TARGET_NAME)";
				SWIFT_VERSION = 4.2;
				TARGETED_DEVICE_FAMILY = "1,2";
				TEST_TARGET_NAME = "Cast Club";
			};
			name = Debug;
		};
		D744778321A4BB1F00270726 /* Release */ = {
			isa = XCBuildConfiguration;
			baseConfigurationReference = CD19E3BB63A300D4CAAC00A6 /* Pods-Cast ClubUITests.release.xcconfig */;
			buildSettings = {
				ALWAYS_EMBED_SWIFT_STANDARD_LIBRARIES = YES;
				CODE_SIGN_STYLE = Automatic;
				DEVELOPMENT_TEAM = 9832H7K9P2;
				INFOPLIST_FILE = "Cast ClubUITests/Info.plist";
				LD_RUNPATH_SEARCH_PATHS = (
					"$(inherited)",
					"@executable_path/Frameworks",
					"@loader_path/Frameworks",
				);
				PRODUCT_BUNDLE_IDENTIFIER = "HT-Developement.Cast-ClubUITests";
				PRODUCT_NAME = "$(TARGET_NAME)";
				SWIFT_VERSION = 4.2;
				TARGETED_DEVICE_FAMILY = "1,2";
				TEST_TARGET_NAME = "Cast Club";
			};
			name = Release;
		};
/* End XCBuildConfiguration section */

/* Begin XCConfigurationList section */
		D744774C21A4BB1D00270726 /* Build configuration list for PBXProject "Cast Club" */ = {
			isa = XCConfigurationList;
			buildConfigurations = (
				D744777921A4BB1F00270726 /* Debug */,
				D744777A21A4BB1F00270726 /* Release */,
			);
			defaultConfigurationIsVisible = 0;
			defaultConfigurationName = Release;
		};
		D744777B21A4BB1F00270726 /* Build configuration list for PBXNativeTarget "Cast Club" */ = {
			isa = XCConfigurationList;
			buildConfigurations = (
				D744777C21A4BB1F00270726 /* Debug */,
				D744777D21A4BB1F00270726 /* Release */,
			);
			defaultConfigurationIsVisible = 0;
			defaultConfigurationName = Release;
		};
		D744777E21A4BB1F00270726 /* Build configuration list for PBXNativeTarget "Cast ClubTests" */ = {
			isa = XCConfigurationList;
			buildConfigurations = (
				D744777F21A4BB1F00270726 /* Debug */,
				D744778021A4BB1F00270726 /* Release */,
			);
			defaultConfigurationIsVisible = 0;
			defaultConfigurationName = Release;
		};
		D744778121A4BB1F00270726 /* Build configuration list for PBXNativeTarget "Cast ClubUITests" */ = {
			isa = XCConfigurationList;
			buildConfigurations = (
				D744778221A4BB1F00270726 /* Debug */,
				D744778321A4BB1F00270726 /* Release */,
			);
			defaultConfigurationIsVisible = 0;
			defaultConfigurationName = Release;
		};
/* End XCConfigurationList section */
	};
	rootObject = D744774921A4BB1D00270726 /* Project object */;
}
