// !$*UTF8*$!
{
	archiveVersion = 1;
	classes = {
	};
	objectVersion = 50;
	objects = {

/* Begin PBXBuildFile section */
		127AD3A5EE784F7684203773 /* Pods_Cast_ClubTests.framework in Frameworks */ = {isa = PBXBuildFile; fileRef = BCF7D563C98ACDE4735780BC /* Pods_Cast_ClubTests.framework */; };
		211BDD7721A9F1560025A132 /* PlayPodcastViewController.swift in Sources */ = {isa = PBXBuildFile; fileRef = 211BDD7621A9F1560025A132 /* PlayPodcastViewController.swift */; };
		218C530921A87C260083EA38 /* SearchPodcastsViewController.swift in Sources */ = {isa = PBXBuildFile; fileRef = 218C530821A87C260083EA38 /* SearchPodcastsViewController.swift */; };
		21C7A19921A8B7E200F57A3C /* AlbumViewController.swift in Sources */ = {isa = PBXBuildFile; fileRef = 21C7A19821A8B7E200F57A3C /* AlbumViewController.swift */; };
		21C87D4621A87FF300F9E727 /* TunesHelper.swift in Sources */ = {isa = PBXBuildFile; fileRef = 21C87D4521A87FF300F9E727 /* TunesHelper.swift */; };
		21C87D4821A883DF00F9E727 /* PodcastAlbum.swift in Sources */ = {isa = PBXBuildFile; fileRef = 21C87D4721A883DF00F9E727 /* PodcastAlbum.swift */; };
		21D13FB621A9E7E40087F00E /* Podcast.swift in Sources */ = {isa = PBXBuildFile; fileRef = 21D13FB521A9E7E40087F00E /* Podcast.swift */; };
		21D13FB821A9E8380087F00E /* FeedHelper.swift in Sources */ = {isa = PBXBuildFile; fileRef = 21D13FB721A9E8380087F00E /* FeedHelper.swift */; };
		7D9B7A4D6109563FC3AC3D8C /* Pods_Cast_ClubUITests.framework in Frameworks */ = {isa = PBXBuildFile; fileRef = CC0A1B1CF8D6A51F3BB8F8C5 /* Pods_Cast_ClubUITests.framework */; };
		CC7EB3C19D306844332EB570 /* Pods_Cast_Club.framework in Frameworks */ = {isa = PBXBuildFile; fileRef = 87DFBC75432441FC2D0D22D3 /* Pods_Cast_Club.framework */; };
		D7380BB821A62E21003D19F8 /* Mont-HeavyDEMO.otf in Resources */ = {isa = PBXBuildFile; fileRef = D7380BB721A62E21003D19F8 /* Mont-HeavyDEMO.otf */; };
		D744775521A4BB1D00270726 /* AppDelegate.swift in Sources */ = {isa = PBXBuildFile; fileRef = D744775421A4BB1D00270726 /* AppDelegate.swift */; };
		D744775721A4BB1D00270726 /* FirstViewController.swift in Sources */ = {isa = PBXBuildFile; fileRef = D744775621A4BB1D00270726 /* FirstViewController.swift */; };
		D744775921A4BB1D00270726 /* SecondViewController.swift in Sources */ = {isa = PBXBuildFile; fileRef = D744775821A4BB1D00270726 /* SecondViewController.swift */; };
		D744775C21A4BB1D00270726 /* Main.storyboard in Resources */ = {isa = PBXBuildFile; fileRef = D744775A21A4BB1D00270726 /* Main.storyboard */; };
		D744775E21A4BB1F00270726 /* Assets.xcassets in Resources */ = {isa = PBXBuildFile; fileRef = D744775D21A4BB1F00270726 /* Assets.xcassets */; };
		D744776121A4BB1F00270726 /* LaunchScreen.storyboard in Resources */ = {isa = PBXBuildFile; fileRef = D744775F21A4BB1F00270726 /* LaunchScreen.storyboard */; };
		D744776C21A4BB1F00270726 /* Cast_ClubTests.swift in Sources */ = {isa = PBXBuildFile; fileRef = D744776B21A4BB1F00270726 /* Cast_ClubTests.swift */; };
		D744777721A4BB1F00270726 /* Cast_ClubUITests.swift in Sources */ = {isa = PBXBuildFile; fileRef = D744777621A4BB1F00270726 /* Cast_ClubUITests.swift */; };
/* End PBXBuildFile section */

/* Begin PBXContainerItemProxy section */
		D744776821A4BB1F00270726 /* PBXContainerItemProxy */ = {
			isa = PBXContainerItemProxy;
			containerPortal = D744774921A4BB1D00270726 /* Project object */;
			proxyType = 1;
			remoteGlobalIDString = D744775021A4BB1D00270726;
			remoteInfo = "Cast Club";
		};
		D744777321A4BB1F00270726 /* PBXContainerItemProxy */ = {
			isa = PBXContainerItemProxy;
			containerPortal = D744774921A4BB1D00270726 /* Project object */;
			proxyType = 1;
			remoteGlobalIDString = D744775021A4BB1D00270726;
			remoteInfo = "Cast Club";
		};
/* End PBXContainerItemProxy section */

/* Begin PBXFileReference section */
		132A83E24B1AA60FADB60849 /* Pods-Cast ClubTests.release.xcconfig */ = {isa = PBXFileReference; includeInIndex = 1; lastKnownFileType = text.xcconfig; name = "Pods-Cast ClubTests.release.xcconfig"; path = "Pods/Target Support Files/Pods-Cast ClubTests/Pods-Cast ClubTests.release.xcconfig"; sourceTree = "<group>"; };
		211BDD7621A9F1560025A132 /* PlayPodcastViewController.swift */ = {isa = PBXFileReference; lastKnownFileType = sourcecode.swift; path = PlayPodcastViewController.swift; sourceTree = "<group>"; };
		218C530821A87C260083EA38 /* SearchPodcastsViewController.swift */ = {isa = PBXFileReference; lastKnownFileType = sourcecode.swift; path = SearchPodcastsViewController.swift; sourceTree = "<group>"; };
		21C7A19821A8B7E200F57A3C /* AlbumViewController.swift */ = {isa = PBXFileReference; lastKnownFileType = sourcecode.swift; path = AlbumViewController.swift; sourceTree = "<group>"; };
		21C87D4521A87FF300F9E727 /* TunesHelper.swift */ = {isa = PBXFileReference; lastKnownFileType = sourcecode.swift; path = TunesHelper.swift; sourceTree = "<group>"; };
		21C87D4721A883DF00F9E727 /* PodcastAlbum.swift */ = {isa = PBXFileReference; lastKnownFileType = sourcecode.swift; path = PodcastAlbum.swift; sourceTree = "<group>"; };
		21D13FB521A9E7E40087F00E /* Podcast.swift */ = {isa = PBXFileReference; lastKnownFileType = sourcecode.swift; path = Podcast.swift; sourceTree = "<group>"; };
		21D13FB721A9E8380087F00E /* FeedHelper.swift */ = {isa = PBXFileReference; lastKnownFileType = sourcecode.swift; path = FeedHelper.swift; sourceTree = "<group>"; };
		469DDBDC6BBE1707C49B41FF /* Pods-Cast Club.release.xcconfig */ = {isa = PBXFileReference; includeInIndex = 1; lastKnownFileType = text.xcconfig; name = "Pods-Cast Club.release.xcconfig"; path = "Pods/Target Support Files/Pods-Cast Club/Pods-Cast Club.release.xcconfig"; sourceTree = "<group>"; };
		4CAA173D3350B363826750F9 /* Pods-Cast ClubUITests.debug.xcconfig */ = {isa = PBXFileReference; includeInIndex = 1; lastKnownFileType = text.xcconfig; name = "Pods-Cast ClubUITests.debug.xcconfig"; path = "Pods/Target Support Files/Pods-Cast ClubUITests/Pods-Cast ClubUITests.debug.xcconfig"; sourceTree = "<group>"; };
		87DFBC75432441FC2D0D22D3 /* Pods_Cast_Club.framework */ = {isa = PBXFileReference; explicitFileType = wrapper.framework; includeInIndex = 0; path = Pods_Cast_Club.framework; sourceTree = BUILT_PRODUCTS_DIR; };
		B72759A3A09F7595827FC5B6 /* Pods-Cast Club.debug.xcconfig */ = {isa = PBXFileReference; includeInIndex = 1; lastKnownFileType = text.xcconfig; name = "Pods-Cast Club.debug.xcconfig"; path = "Pods/Target Support Files/Pods-Cast Club/Pods-Cast Club.debug.xcconfig"; sourceTree = "<group>"; };
		BCF7D563C98ACDE4735780BC /* Pods_Cast_ClubTests.framework */ = {isa = PBXFileReference; explicitFileType = wrapper.framework; includeInIndex = 0; path = Pods_Cast_ClubTests.framework; sourceTree = BUILT_PRODUCTS_DIR; };
		CC0A1B1CF8D6A51F3BB8F8C5 /* Pods_Cast_ClubUITests.framework */ = {isa = PBXFileReference; explicitFileType = wrapper.framework; includeInIndex = 0; path = Pods_Cast_ClubUITests.framework; sourceTree = BUILT_PRODUCTS_DIR; };
		CD19E3BB63A300D4CAAC00A6 /* Pods-Cast ClubUITests.release.xcconfig */ = {isa = PBXFileReference; includeInIndex = 1; lastKnownFileType = text.xcconfig; name = "Pods-Cast ClubUITests.release.xcconfig"; path = "Pods/Target Support Files/Pods-Cast ClubUITests/Pods-Cast ClubUITests.release.xcconfig"; sourceTree = "<group>"; };
		D7380BB721A62E21003D19F8 /* Mont-HeavyDEMO.otf */ = {isa = PBXFileReference; lastKnownFileType = file; path = "Mont-HeavyDEMO.otf"; sourceTree = "<group>"; };
		D744775121A4BB1D00270726 /* Cast Club.app */ = {isa = PBXFileReference; explicitFileType = wrapper.application; includeInIndex = 0; path = "Cast Club.app"; sourceTree = BUILT_PRODUCTS_DIR; };
		D744775421A4BB1D00270726 /* AppDelegate.swift */ = {isa = PBXFileReference; lastKnownFileType = sourcecode.swift; path = AppDelegate.swift; sourceTree = "<group>"; };
		D744775621A4BB1D00270726 /* FirstViewController.swift */ = {isa = PBXFileReference; lastKnownFileType = sourcecode.swift; path = FirstViewController.swift; sourceTree = "<group>"; };
		D744775821A4BB1D00270726 /* SecondViewController.swift */ = {isa = PBXFileReference; lastKnownFileType = sourcecode.swift; path = SecondViewController.swift; sourceTree = "<group>"; };
		D744775B21A4BB1D00270726 /* Base */ = {isa = PBXFileReference; lastKnownFileType = file.storyboard; name = Base; path = Base.lproj/Main.storyboard; sourceTree = "<group>"; };
		D744775D21A4BB1F00270726 /* Assets.xcassets */ = {isa = PBXFileReference; lastKnownFileType = folder.assetcatalog; path = Assets.xcassets; sourceTree = "<group>"; };
		D744776021A4BB1F00270726 /* Base */ = {isa = PBXFileReference; lastKnownFileType = file.storyboard; name = Base; path = Base.lproj/LaunchScreen.storyboard; sourceTree = "<group>"; };
		D744776221A4BB1F00270726 /* Info.plist */ = {isa = PBXFileReference; lastKnownFileType = text.plist.xml; path = Info.plist; sourceTree = "<group>"; };
		D744776721A4BB1F00270726 /* Cast ClubTests.xctest */ = {isa = PBXFileReference; explicitFileType = wrapper.cfbundle; includeInIndex = 0; path = "Cast ClubTests.xctest"; sourceTree = BUILT_PRODUCTS_DIR; };
		D744776B21A4BB1F00270726 /* Cast_ClubTests.swift */ = {isa = PBXFileReference; lastKnownFileType = sourcecode.swift; path = Cast_ClubTests.swift; sourceTree = "<group>"; };
		D744776D21A4BB1F00270726 /* Info.plist */ = {isa = PBXFileReference; lastKnownFileType = text.plist.xml; path = Info.plist; sourceTree = "<group>"; };
		D744777221A4BB1F00270726 /* Cast ClubUITests.xctest */ = {isa = PBXFileReference; explicitFileType = wrapper.cfbundle; includeInIndex = 0; path = "Cast ClubUITests.xctest"; sourceTree = BUILT_PRODUCTS_DIR; };
		D744777621A4BB1F00270726 /* Cast_ClubUITests.swift */ = {isa = PBXFileReference; lastKnownFileType = sourcecode.swift; path = Cast_ClubUITests.swift; sourceTree = "<group>"; };
		D744777821A4BB1F00270726 /* Info.plist */ = {isa = PBXFileReference; lastKnownFileType = text.plist.xml; path = Info.plist; sourceTree = "<group>"; };
		DE091DA3C8396931DF9C4B85 /* Pods-Cast ClubTests.debug.xcconfig */ = {isa = PBXFileReference; includeInIndex = 1; lastKnownFileType = text.xcconfig; name = "Pods-Cast ClubTests.debug.xcconfig"; path = "Pods/Target Support Files/Pods-Cast ClubTests/Pods-Cast ClubTests.debug.xcconfig"; sourceTree = "<group>"; };
/* End PBXFileReference section */

/* Begin PBXFrameworksBuildPhase section */
		D744774E21A4BB1D00270726 /* Frameworks */ = {
			isa = PBXFrameworksBuildPhase;
			buildActionMask = 2147483647;
			files = (
				CC7EB3C19D306844332EB570 /* Pods_Cast_Club.framework in Frameworks */,
			);
			runOnlyForDeploymentPostprocessing = 0;
		};
		D744776421A4BB1F00270726 /* Frameworks */ = {
			isa = PBXFrameworksBuildPhase;
			buildActionMask = 2147483647;
			files = (
				127AD3A5EE784F7684203773 /* Pods_Cast_ClubTests.framework in Frameworks */,
			);
			runOnlyForDeploymentPostprocessing = 0;
		};
		D744776F21A4BB1F00270726 /* Frameworks */ = {
			isa = PBXFrameworksBuildPhase;
			buildActionMask = 2147483647;
			files = (
				7D9B7A4D6109563FC3AC3D8C /* Pods_Cast_ClubUITests.framework in Frameworks */,
			);
			runOnlyForDeploymentPostprocessing = 0;
		};
/* End PBXFrameworksBuildPhase section */

/* Begin PBXGroup section */
		18659285187CBCC0541CC14A /* Pods */ = {
			isa = PBXGroup;
			children = (
				B72759A3A09F7595827FC5B6 /* Pods-Cast Club.debug.xcconfig */,
				469DDBDC6BBE1707C49B41FF /* Pods-Cast Club.release.xcconfig */,
				DE091DA3C8396931DF9C4B85 /* Pods-Cast ClubTests.debug.xcconfig */,
				132A83E24B1AA60FADB60849 /* Pods-Cast ClubTests.release.xcconfig */,
				4CAA173D3350B363826750F9 /* Pods-Cast ClubUITests.debug.xcconfig */,
				CD19E3BB63A300D4CAAC00A6 /* Pods-Cast ClubUITests.release.xcconfig */,
			);
			name = Pods;
			sourceTree = "<group>";
		};
		21C87D4421A87FD000F9E727 /* Model */ = {
			isa = PBXGroup;
			children = (
				21C87D4521A87FF300F9E727 /* TunesHelper.swift */,
				21C87D4721A883DF00F9E727 /* PodcastAlbum.swift */,
				21D13FB521A9E7E40087F00E /* Podcast.swift */,
				21D13FB721A9E8380087F00E /* FeedHelper.swift */,
			);
			name = Model;
			sourceTree = "<group>";
		};
		2CBDBEECBF13757D38E8349E /* Frameworks */ = {
			isa = PBXGroup;
			children = (
				87DFBC75432441FC2D0D22D3 /* Pods_Cast_Club.framework */,
				BCF7D563C98ACDE4735780BC /* Pods_Cast_ClubTests.framework */,
				CC0A1B1CF8D6A51F3BB8F8C5 /* Pods_Cast_ClubUITests.framework */,
			);
			name = Frameworks;
			sourceTree = "<group>";
		};
		D744774821A4BB1D00270726 = {
			isa = PBXGroup;
			children = (
				D744775321A4BB1D00270726 /* Cast Club */,
				D744776A21A4BB1F00270726 /* Cast ClubTests */,
				D744777521A4BB1F00270726 /* Cast ClubUITests */,
				D744775221A4BB1D00270726 /* Products */,
				18659285187CBCC0541CC14A /* Pods */,
				2CBDBEECBF13757D38E8349E /* Frameworks */,
			);
			sourceTree = "<group>";
		};
		D744775221A4BB1D00270726 /* Products */ = {
			isa = PBXGroup;
			children = (
				D744775121A4BB1D00270726 /* Cast Club.app */,
				D744776721A4BB1F00270726 /* Cast ClubTests.xctest */,
				D744777221A4BB1F00270726 /* Cast ClubUITests.xctest */,
			);
			name = Products;
			sourceTree = "<group>";
		};
		D744775321A4BB1D00270726 /* Cast Club */ = {
			isa = PBXGroup;
			children = (
				21C87D4421A87FD000F9E727 /* Model */,
				D744775621A4BB1D00270726 /* FirstViewController.swift */,
				D744775821A4BB1D00270726 /* SecondViewController.swift */,
				218C530821A87C260083EA38 /* SearchPodcastsViewController.swift */,
				21C7A19821A8B7E200F57A3C /* AlbumViewController.swift */,
				211BDD7621A9F1560025A132 /* PlayPodcastViewController.swift */,
				D744775421A4BB1D00270726 /* AppDelegate.swift */,
				D744775A21A4BB1D00270726 /* Main.storyboard */,
				D744775D21A4BB1F00270726 /* Assets.xcassets */,
				D744775F21A4BB1F00270726 /* LaunchScreen.storyboard */,
				D744776221A4BB1F00270726 /* Info.plist */,
				D7380BB721A62E21003D19F8 /* Mont-HeavyDEMO.otf */,
			);
			path = "Cast Club";
			sourceTree = "<group>";
		};
		D744776A21A4BB1F00270726 /* Cast ClubTests */ = {
			isa = PBXGroup;
			children = (
				D744776B21A4BB1F00270726 /* Cast_ClubTests.swift */,
				D744776D21A4BB1F00270726 /* Info.plist */,
			);
			path = "Cast ClubTests";
			sourceTree = "<group>";
		};
		D744777521A4BB1F00270726 /* Cast ClubUITests */ = {
			isa = PBXGroup;
			children = (
				D744777621A4BB1F00270726 /* Cast_ClubUITests.swift */,
				D744777821A4BB1F00270726 /* Info.plist */,
			);
			path = "Cast ClubUITests";
			sourceTree = "<group>";
		};
/* End PBXGroup section */

/* Begin PBXNativeTarget section */
		D744775021A4BB1D00270726 /* Cast Club */ = {
			isa = PBXNativeTarget;
			buildConfigurationList = D744777B21A4BB1F00270726 /* Build configuration list for PBXNativeTarget "Cast Club" */;
			buildPhases = (
				85CB499BA8CA8A047AF3D35A /* [CP] Check Pods Manifest.lock */,
				D744774D21A4BB1D00270726 /* Sources */,
				D744774E21A4BB1D00270726 /* Frameworks */,
				D744774F21A4BB1D00270726 /* Resources */,
				B87B4AEC20A250E4C0977D47 /* [CP] Embed Pods Frameworks */,
			);
			buildRules = (
			);
			dependencies = (
			);
			name = "Cast Club";
			productName = "Cast Club";
			productReference = D744775121A4BB1D00270726 /* Cast Club.app */;
			productType = "com.apple.product-type.application";
		};
		D744776621A4BB1F00270726 /* Cast ClubTests */ = {
			isa = PBXNativeTarget;
			buildConfigurationList = D744777E21A4BB1F00270726 /* Build configuration list for PBXNativeTarget "Cast ClubTests" */;
			buildPhases = (
				C77802C555518FDDE3ED6641 /* [CP] Check Pods Manifest.lock */,
				D744776321A4BB1F00270726 /* Sources */,
				D744776421A4BB1F00270726 /* Frameworks */,
				D744776521A4BB1F00270726 /* Resources */,
			);
			buildRules = (
			);
			dependencies = (
				D744776921A4BB1F00270726 /* PBXTargetDependency */,
			);
			name = "Cast ClubTests";
			productName = "Cast ClubTests";
			productReference = D744776721A4BB1F00270726 /* Cast ClubTests.xctest */;
			productType = "com.apple.product-type.bundle.unit-test";
		};
		D744777121A4BB1F00270726 /* Cast ClubUITests */ = {
			isa = PBXNativeTarget;
			buildConfigurationList = D744778121A4BB1F00270726 /* Build configuration list for PBXNativeTarget "Cast ClubUITests" */;
			buildPhases = (
				570C4D150C3304EC6A207104 /* [CP] Check Pods Manifest.lock */,
				D744776E21A4BB1F00270726 /* Sources */,
				D744776F21A4BB1F00270726 /* Frameworks */,
				D744777021A4BB1F00270726 /* Resources */,
			);
			buildRules = (
			);
			dependencies = (
				D744777421A4BB1F00270726 /* PBXTargetDependency */,
			);
			name = "Cast ClubUITests";
			productName = "Cast ClubUITests";
			productReference = D744777221A4BB1F00270726 /* Cast ClubUITests.xctest */;
			productType = "com.apple.product-type.bundle.ui-testing";
		};
/* End PBXNativeTarget section */

/* Begin PBXProject section */
		D744774921A4BB1D00270726 /* Project object */ = {
			isa = PBXProject;
			attributes = {
				LastSwiftUpdateCheck = 1000;
				LastUpgradeCheck = 1000;
				ORGANIZATIONNAME = "Henry Macht";
				TargetAttributes = {
					D744775021A4BB1D00270726 = {
						CreatedOnToolsVersion = 10.0;
					};
					D744776621A4BB1F00270726 = {
						CreatedOnToolsVersion = 10.0;
						TestTargetID = D744775021A4BB1D00270726;
					};
					D744777121A4BB1F00270726 = {
						CreatedOnToolsVersion = 10.0;
						TestTargetID = D744775021A4BB1D00270726;
					};
				};
			};
			buildConfigurationList = D744774C21A4BB1D00270726 /* Build configuration list for PBXProject "Cast Club" */;
			compatibilityVersion = "Xcode 9.3";
			developmentRegion = en;
			hasScannedForEncodings = 0;
			knownRegions = (
				en,
				Base,
			);
			mainGroup = D744774821A4BB1D00270726;
			productRefGroup = D744775221A4BB1D00270726 /* Products */;
			projectDirPath = "";
			projectRoot = "";
			targets = (
				D744775021A4BB1D00270726 /* Cast Club */,
				D744776621A4BB1F00270726 /* Cast ClubTests */,
				D744777121A4BB1F00270726 /* Cast ClubUITests */,
			);
		};
/* End PBXProject section */

/* Begin PBXResourcesBuildPhase section */
		D744774F21A4BB1D00270726 /* Resources */ = {
			isa = PBXResourcesBuildPhase;
			buildActionMask = 2147483647;
			files = (
				D744776121A4BB1F00270726 /* LaunchScreen.storyboard in Resources */,
				D744775E21A4BB1F00270726 /* Assets.xcassets in Resources */,
				D7380BB821A62E21003D19F8 /* Mont-HeavyDEMO.otf in Resources */,
				D744775C21A4BB1D00270726 /* Main.storyboard in Resources */,
			);
			runOnlyForDeploymentPostprocessing = 0;
		};
		D744776521A4BB1F00270726 /* Resources */ = {
			isa = PBXResourcesBuildPhase;
			buildActionMask = 2147483647;
			files = (
			);
			runOnlyForDeploymentPostprocessing = 0;
		};
		D744777021A4BB1F00270726 /* Resources */ = {
			isa = PBXResourcesBuildPhase;
			buildActionMask = 2147483647;
			files = (
			);
			runOnlyForDeploymentPostprocessing = 0;
		};
/* End PBXResourcesBuildPhase section */

/* Begin PBXShellScriptBuildPhase section */
		570C4D150C3304EC6A207104 /* [CP] Check Pods Manifest.lock */ = {
			isa = PBXShellScriptBuildPhase;
			buildActionMask = 2147483647;
			files = (
			);
			inputFileListPaths = (
			);
			inputPaths = (
				"${PODS_PODFILE_DIR_PATH}/Podfile.lock",
				"${PODS_ROOT}/Manifest.lock",
			);
			name = "[CP] Check Pods Manifest.lock";
			outputFileListPaths = (
			);
			outputPaths = (
				"$(DERIVED_FILE_DIR)/Pods-Cast ClubUITests-checkManifestLockResult.txt",
			);
			runOnlyForDeploymentPostprocessing = 0;
			shellPath = /bin/sh;
			shellScript = "diff \"${PODS_PODFILE_DIR_PATH}/Podfile.lock\" \"${PODS_ROOT}/Manifest.lock\" > /dev/null\nif [ $? != 0 ] ; then\n    # print error to STDERR\n    echo \"error: The sandbox is not in sync with the Podfile.lock. Run 'pod install' or update your CocoaPods installation.\" >&2\n    exit 1\nfi\n# This output is used by Xcode 'outputs' to avoid re-running this script phase.\necho \"SUCCESS\" > \"${SCRIPT_OUTPUT_FILE_0}\"\n";
			showEnvVarsInLog = 0;
		};
		85CB499BA8CA8A047AF3D35A /* [CP] Check Pods Manifest.lock */ = {
			isa = PBXShellScriptBuildPhase;
			buildActionMask = 2147483647;
			files = (
			);
			inputFileListPaths = (
			);
			inputPaths = (
				"${PODS_PODFILE_DIR_PATH}/Podfile.lock",
				"${PODS_ROOT}/Manifest.lock",
			);
			name = "[CP] Check Pods Manifest.lock";
			outputFileListPaths = (
			);
			outputPaths = (
				"$(DERIVED_FILE_DIR)/Pods-Cast Club-checkManifestLockResult.txt",
			);
			runOnlyForDeploymentPostprocessing = 0;
			shellPath = /bin/sh;
			shellScript = "diff \"${PODS_PODFILE_DIR_PATH}/Podfile.lock\" \"${PODS_ROOT}/Manifest.lock\" > /dev/null\nif [ $? != 0 ] ; then\n    # print error to STDERR\n    echo \"error: The sandbox is not in sync with the Podfile.lock. Run 'pod install' or update your CocoaPods installation.\" >&2\n    exit 1\nfi\n# This output is used by Xcode 'outputs' to avoid re-running this script phase.\necho \"SUCCESS\" > \"${SCRIPT_OUTPUT_FILE_0}\"\n";
			showEnvVarsInLog = 0;
		};
		B87B4AEC20A250E4C0977D47 /* [CP] Embed Pods Frameworks */ = {
			isa = PBXShellScriptBuildPhase;
			buildActionMask = 2147483647;
			files = (
			);
			inputFileListPaths = (
			);
			inputPaths = (
				"${SRCROOT}/Pods/Target Support Files/Pods-Cast Club/Pods-Cast Club-frameworks.sh",
				"${BUILT_PRODUCTS_DIR}/Alamofire/Alamofire.framework",
				"${BUILT_PRODUCTS_DIR}/FeedKit/FeedKit.framework",
			);
			name = "[CP] Embed Pods Frameworks";
			outputFileListPaths = (
			);
			outputPaths = (
				"${TARGET_BUILD_DIR}/${FRAMEWORKS_FOLDER_PATH}/Alamofire.framework",
				"${TARGET_BUILD_DIR}/${FRAMEWORKS_FOLDER_PATH}/FeedKit.framework",
			);
			runOnlyForDeploymentPostprocessing = 0;
			shellPath = /bin/sh;
			shellScript = "\"${SRCROOT}/Pods/Target Support Files/Pods-Cast Club/Pods-Cast Club-frameworks.sh\"\n";
			showEnvVarsInLog = 0;
		};
		C77802C555518FDDE3ED6641 /* [CP] Check Pods Manifest.lock */ = {
			isa = PBXShellScriptBuildPhase;
			buildActionMask = 2147483647;
			files = (
			);
			inputFileListPaths = (
			);
			inputPaths = (
				"${PODS_PODFILE_DIR_PATH}/Podfile.lock",
				"${PODS_ROOT}/Manifest.lock",
			);
			name = "[CP] Check Pods Manifest.lock";
			outputFileListPaths = (
			);
			outputPaths = (
				"$(DERIVED_FILE_DIR)/Pods-Cast ClubTests-checkManifestLockResult.txt",
			);
			runOnlyForDeploymentPostprocessing = 0;
			shellPath = /bin/sh;
			shellScript = "diff \"${PODS_PODFILE_DIR_PATH}/Podfile.lock\" \"${PODS_ROOT}/Manifest.lock\" > /dev/null\nif [ $? != 0 ] ; then\n    # print error to STDERR\n    echo \"error: The sandbox is not in sync with the Podfile.lock. Run 'pod install' or update your CocoaPods installation.\" >&2\n    exit 1\nfi\n# This output is used by Xcode 'outputs' to avoid re-running this script phase.\necho \"SUCCESS\" > \"${SCRIPT_OUTPUT_FILE_0}\"\n";
			showEnvVarsInLog = 0;
		};
/* End PBXShellScriptBuildPhase section */

/* Begin PBXSourcesBuildPhase section */
		D744774D21A4BB1D00270726 /* Sources */ = {
			isa = PBXSourcesBuildPhase;
			buildActionMask = 2147483647;
			files = (
				D744775921A4BB1D00270726 /* SecondViewController.swift in Sources */,
				D744775521A4BB1D00270726 /* AppDelegate.swift in Sources */,
				21C87D4621A87FF300F9E727 /* TunesHelper.swift in Sources */,
				D744775721A4BB1D00270726 /* FirstViewController.swift in Sources */,
				21D13FB821A9E8380087F00E /* FeedHelper.swift in Sources */,
				211BDD7721A9F1560025A132 /* PlayPodcastViewController.swift in Sources */,
				21C87D4821A883DF00F9E727 /* PodcastAlbum.swift in Sources */,
				218C530921A87C260083EA38 /* SearchPodcastsViewController.swift in Sources */,
				21D13FB621A9E7E40087F00E /* Podcast.swift in Sources */,
				21C7A19921A8B7E200F57A3C /* AlbumViewController.swift in Sources */,
			);
			runOnlyForDeploymentPostprocessing = 0;
		};
		D744776321A4BB1F00270726 /* Sources */ = {
			isa = PBXSourcesBuildPhase;
			buildActionMask = 2147483647;
			files = (
				D744776C21A4BB1F00270726 /* Cast_ClubTests.swift in Sources */,
			);
			runOnlyForDeploymentPostprocessing = 0;
		};
		D744776E21A4BB1F00270726 /* Sources */ = {
			isa = PBXSourcesBuildPhase;
			buildActionMask = 2147483647;
			files = (
				D744777721A4BB1F00270726 /* Cast_ClubUITests.swift in Sources */,
			);
			runOnlyForDeploymentPostprocessing = 0;
		};
/* End PBXSourcesBuildPhase section */

/* Begin PBXTargetDependency section */
		D744776921A4BB1F00270726 /* PBXTargetDependency */ = {
			isa = PBXTargetDependency;
			target = D744775021A4BB1D00270726 /* Cast Club */;
			targetProxy = D744776821A4BB1F00270726 /* PBXContainerItemProxy */;
		};
		D744777421A4BB1F00270726 /* PBXTargetDependency */ = {
			isa = PBXTargetDependency;
			target = D744775021A4BB1D00270726 /* Cast Club */;
			targetProxy = D744777321A4BB1F00270726 /* PBXContainerItemProxy */;
		};
/* End PBXTargetDependency section */

/* Begin PBXVariantGroup section */
		D744775A21A4BB1D00270726 /* Main.storyboard */ = {
			isa = PBXVariantGroup;
			children = (
				D744775B21A4BB1D00270726 /* Base */,
			);
			name = Main.storyboard;
			sourceTree = "<group>";
		};
		D744775F21A4BB1F00270726 /* LaunchScreen.storyboard */ = {
			isa = PBXVariantGroup;
			children = (
				D744776021A4BB1F00270726 /* Base */,
			);
			name = LaunchScreen.storyboard;
			sourceTree = "<group>";
		};
/* End PBXVariantGroup section */

/* Begin XCBuildConfiguration section */
		D744777921A4BB1F00270726 /* Debug */ = {
			isa = XCBuildConfiguration;
			buildSettings = {
				ALWAYS_SEARCH_USER_PATHS = NO;
				CLANG_ANALYZER_NONNULL = YES;
				CLANG_ANALYZER_NUMBER_OBJECT_CONVERSION = YES_AGGRESSIVE;
				CLANG_CXX_LANGUAGE_STANDARD = "gnu++14";
				CLANG_CXX_LIBRARY = "libc++";
				CLANG_ENABLE_MODULES = YES;
				CLANG_ENABLE_OBJC_ARC = YES;
				CLANG_ENABLE_OBJC_WEAK = YES;
				CLANG_WARN_BLOCK_CAPTURE_AUTORELEASING = YES;
				CLANG_WARN_BOOL_CONVERSION = YES;
				CLANG_WARN_COMMA = YES;
				CLANG_WARN_CONSTANT_CONVERSION = YES;
				CLANG_WARN_DEPRECATED_OBJC_IMPLEMENTATIONS = YES;
				CLANG_WARN_DIRECT_OBJC_ISA_USAGE = YES_ERROR;
				CLANG_WARN_DOCUMENTATION_COMMENTS = YES;
				CLANG_WARN_EMPTY_BODY = YES;
				CLANG_WARN_ENUM_CONVERSION = YES;
				CLANG_WARN_INFINITE_RECURSION = YES;
				CLANG_WARN_INT_CONVERSION = YES;
				CLANG_WARN_NON_LITERAL_NULL_CONVERSION = YES;
				CLANG_WARN_OBJC_IMPLICIT_RETAIN_SELF = YES;
				CLANG_WARN_OBJC_LITERAL_CONVERSION = YES;
				CLANG_WARN_OBJC_ROOT_CLASS = YES_ERROR;
				CLANG_WARN_RANGE_LOOP_ANALYSIS = YES;
				CLANG_WARN_STRICT_PROTOTYPES = YES;
				CLANG_WARN_SUSPICIOUS_MOVE = YES;
				CLANG_WARN_UNGUARDED_AVAILABILITY = YES_AGGRESSIVE;
				CLANG_WARN_UNREACHABLE_CODE = YES;
				CLANG_WARN__DUPLICATE_METHOD_MATCH = YES;
				CODE_SIGN_IDENTITY = "iPhone Developer";
				COPY_PHASE_STRIP = NO;
				DEBUG_INFORMATION_FORMAT = dwarf;
				ENABLE_STRICT_OBJC_MSGSEND = YES;
				ENABLE_TESTABILITY = YES;
				GCC_C_LANGUAGE_STANDARD = gnu11;
				GCC_DYNAMIC_NO_PIC = NO;
				GCC_NO_COMMON_BLOCKS = YES;
				GCC_OPTIMIZATION_LEVEL = 0;
				GCC_PREPROCESSOR_DEFINITIONS = (
					"DEBUG=1",
					"$(inherited)",
				);
				GCC_WARN_64_TO_32_BIT_CONVERSION = YES;
				GCC_WARN_ABOUT_RETURN_TYPE = YES_ERROR;
				GCC_WARN_UNDECLARED_SELECTOR = YES;
				GCC_WARN_UNINITIALIZED_AUTOS = YES_AGGRESSIVE;
				GCC_WARN_UNUSED_FUNCTION = YES;
				GCC_WARN_UNUSED_VARIABLE = YES;
				IPHONEOS_DEPLOYMENT_TARGET = 12.0;
				MTL_ENABLE_DEBUG_INFO = INCLUDE_SOURCE;
				MTL_FAST_MATH = YES;
				ONLY_ACTIVE_ARCH = YES;
				SDKROOT = iphoneos;
				SWIFT_ACTIVE_COMPILATION_CONDITIONS = DEBUG;
				SWIFT_OPTIMIZATION_LEVEL = "-Onone";
			};
			name = Debug;
		};
		D744777A21A4BB1F00270726 /* Release */ = {
			isa = XCBuildConfiguration;
			buildSettings = {
				ALWAYS_SEARCH_USER_PATHS = NO;
				CLANG_ANALYZER_NONNULL = YES;
				CLANG_ANALYZER_NUMBER_OBJECT_CONVERSION = YES_AGGRESSIVE;
				CLANG_CXX_LANGUAGE_STANDARD = "gnu++14";
				CLANG_CXX_LIBRARY = "libc++";
				CLANG_ENABLE_MODULES = YES;
				CLANG_ENABLE_OBJC_ARC = YES;
				CLANG_ENABLE_OBJC_WEAK = YES;
				CLANG_WARN_BLOCK_CAPTURE_AUTORELEASING = YES;
				CLANG_WARN_BOOL_CONVERSION = YES;
				CLANG_WARN_COMMA = YES;
				CLANG_WARN_CONSTANT_CONVERSION = YES;
				CLANG_WARN_DEPRECATED_OBJC_IMPLEMENTATIONS = YES;
				CLANG_WARN_DIRECT_OBJC_ISA_USAGE = YES_ERROR;
				CLANG_WARN_DOCUMENTATION_COMMENTS = YES;
				CLANG_WARN_EMPTY_BODY = YES;
				CLANG_WARN_ENUM_CONVERSION = YES;
				CLANG_WARN_INFINITE_RECURSION = YES;
				CLANG_WARN_INT_CONVERSION = YES;
				CLANG_WARN_NON_LITERAL_NULL_CONVERSION = YES;
				CLANG_WARN_OBJC_IMPLICIT_RETAIN_SELF = YES;
				CLANG_WARN_OBJC_LITERAL_CONVERSION = YES;
				CLANG_WARN_OBJC_ROOT_CLASS = YES_ERROR;
				CLANG_WARN_RANGE_LOOP_ANALYSIS = YES;
				CLANG_WARN_STRICT_PROTOTYPES = YES;
				CLANG_WARN_SUSPICIOUS_MOVE = YES;
				CLANG_WARN_UNGUARDED_AVAILABILITY = YES_AGGRESSIVE;
				CLANG_WARN_UNREACHABLE_CODE = YES;
				CLANG_WARN__DUPLICATE_METHOD_MATCH = YES;
				CODE_SIGN_IDENTITY = "iPhone Developer";
				COPY_PHASE_STRIP = NO;
				DEBUG_INFORMATION_FORMAT = "dwarf-with-dsym";
				ENABLE_NS_ASSERTIONS = NO;
				ENABLE_STRICT_OBJC_MSGSEND = YES;
				GCC_C_LANGUAGE_STANDARD = gnu11;
				GCC_NO_COMMON_BLOCKS = YES;
				GCC_WARN_64_TO_32_BIT_CONVERSION = YES;
				GCC_WARN_ABOUT_RETURN_TYPE = YES_ERROR;
				GCC_WARN_UNDECLARED_SELECTOR = YES;
				GCC_WARN_UNINITIALIZED_AUTOS = YES_AGGRESSIVE;
				GCC_WARN_UNUSED_FUNCTION = YES;
				GCC_WARN_UNUSED_VARIABLE = YES;
				IPHONEOS_DEPLOYMENT_TARGET = 12.0;
				MTL_ENABLE_DEBUG_INFO = NO;
				MTL_FAST_MATH = YES;
				SDKROOT = iphoneos;
				SWIFT_COMPILATION_MODE = wholemodule;
				SWIFT_OPTIMIZATION_LEVEL = "-O";
				VALIDATE_PRODUCT = YES;
			};
			name = Release;
		};
		D744777C21A4BB1F00270726 /* Debug */ = {
			isa = XCBuildConfiguration;
			baseConfigurationReference = B72759A3A09F7595827FC5B6 /* Pods-Cast Club.debug.xcconfig */;
			buildSettings = {
				ASSETCATALOG_COMPILER_APPICON_NAME = AppIcon;
				CODE_SIGN_STYLE = Automatic;
				DEVELOPMENT_TEAM = 9832H7K9P2;
				INFOPLIST_FILE = "Cast Club/Info.plist";
				IPHONEOS_DEPLOYMENT_TARGET = 10.0;
				LD_RUNPATH_SEARCH_PATHS = (
					"$(inherited)",
					"@executable_path/Frameworks",
				);
				PRODUCT_BUNDLE_IDENTIFIER = "HT-Developement.Cast-Club";
				PRODUCT_NAME = "$(TARGET_NAME)";
				SWIFT_VERSION = 4.2;
				TARGETED_DEVICE_FAMILY = "1,2";
			};
			name = Debug;
		};
		D744777D21A4BB1F00270726 /* Release */ = {
			isa = XCBuildConfiguration;
			baseConfigurationReference = 469DDBDC6BBE1707C49B41FF /* Pods-Cast Club.release.xcconfig */;
			buildSettings = {
				ASSETCATALOG_COMPILER_APPICON_NAME = AppIcon;
				CODE_SIGN_STYLE = Automatic;
				DEVELOPMENT_TEAM = 9832H7K9P2;
				INFOPLIST_FILE = "Cast Club/Info.plist";
				IPHONEOS_DEPLOYMENT_TARGET = 10.0;
				LD_RUNPATH_SEARCH_PATHS = (
					"$(inherited)",
					"@executable_path/Frameworks",
				);
				PRODUCT_BUNDLE_IDENTIFIER = "HT-Developement.Cast-Club";
				PRODUCT_NAME = "$(TARGET_NAME)";
				SWIFT_VERSION = 4.2;
				TARGETED_DEVICE_FAMILY = "1,2";
			};
			name = Release;
		};
		D744777F21A4BB1F00270726 /* Debug */ = {
			isa = XCBuildConfiguration;
			baseConfigurationReference = DE091DA3C8396931DF9C4B85 /* Pods-Cast ClubTests.debug.xcconfig */;
			buildSettings = {
				ALWAYS_EMBED_SWIFT_STANDARD_LIBRARIES = YES;
				BUNDLE_LOADER = "$(TEST_HOST)";
				CODE_SIGN_STYLE = Automatic;
				DEVELOPMENT_TEAM = 9832H7K9P2;
				INFOPLIST_FILE = "Cast ClubTests/Info.plist";
				LD_RUNPATH_SEARCH_PATHS = (
					"$(inherited)",
					"@executable_path/Frameworks",
					"@loader_path/Frameworks",
				);
				PRODUCT_BUNDLE_IDENTIFIER = "HT-Developement.Cast-ClubTests";
				PRODUCT_NAME = "$(TARGET_NAME)";
				SWIFT_VERSION = 4.2;
				TARGETED_DEVICE_FAMILY = "1,2";
				TEST_HOST = "$(BUILT_PRODUCTS_DIR)/Cast Club.app/Cast Club";
			};
			name = Debug;
		};
		D744778021A4BB1F00270726 /* Release */ = {
			isa = XCBuildConfiguration;
			baseConfigurationReference = 132A83E24B1AA60FADB60849 /* Pods-Cast ClubTests.release.xcconfig */;
			buildSettings = {
				ALWAYS_EMBED_SWIFT_STANDARD_LIBRARIES = YES;
				BUNDLE_LOADER = "$(TEST_HOST)";
				CODE_SIGN_STYLE = Automatic;
				DEVELOPMENT_TEAM = 9832H7K9P2;
				INFOPLIST_FILE = "Cast ClubTests/Info.plist";
				LD_RUNPATH_SEARCH_PATHS = (
					"$(inherited)",
					"@executable_path/Frameworks",
					"@loader_path/Frameworks",
				);
				PRODUCT_BUNDLE_IDENTIFIER = "HT-Developement.Cast-ClubTests";
				PRODUCT_NAME = "$(TARGET_NAME)";
				SWIFT_VERSION = 4.2;
				TARGETED_DEVICE_FAMILY = "1,2";
				TEST_HOST = "$(BUILT_PRODUCTS_DIR)/Cast Club.app/Cast Club";
			};
			name = Release;
		};
		D744778221A4BB1F00270726 /* Debug */ = {
			isa = XCBuildConfiguration;
			baseConfigurationReference = 4CAA173D3350B363826750F9 /* Pods-Cast ClubUITests.debug.xcconfig */;
			buildSettings = {
				ALWAYS_EMBED_SWIFT_STANDARD_LIBRARIES = YES;
				CODE_SIGN_STYLE = Automatic;
				DEVELOPMENT_TEAM = 9832H7K9P2;
				INFOPLIST_FILE = "Cast ClubUITests/Info.plist";
				LD_RUNPATH_SEARCH_PATHS = (
					"$(inherited)",
					"@executable_path/Frameworks",
					"@loader_path/Frameworks",
				);
				PRODUCT_BUNDLE_IDENTIFIER = "HT-Developement.Cast-ClubUITests";
				PRODUCT_NAME = "$(TARGET_NAME)";
				SWIFT_VERSION = 4.2;
				TARGETED_DEVICE_FAMILY = "1,2";
				TEST_TARGET_NAME = "Cast Club";
			};
			name = Debug;
		};
		D744778321A4BB1F00270726 /* Release */ = {
			isa = XCBuildConfiguration;
			baseConfigurationReference = CD19E3BB63A300D4CAAC00A6 /* Pods-Cast ClubUITests.release.xcconfig */;
			buildSettings = {
				ALWAYS_EMBED_SWIFT_STANDARD_LIBRARIES = YES;
				CODE_SIGN_STYLE = Automatic;
				DEVELOPMENT_TEAM = 9832H7K9P2;
				INFOPLIST_FILE = "Cast ClubUITests/Info.plist";
				LD_RUNPATH_SEARCH_PATHS = (
					"$(inherited)",
					"@executable_path/Frameworks",
					"@loader_path/Frameworks",
				);
				PRODUCT_BUNDLE_IDENTIFIER = "HT-Developement.Cast-ClubUITests";
				PRODUCT_NAME = "$(TARGET_NAME)";
				SWIFT_VERSION = 4.2;
				TARGETED_DEVICE_FAMILY = "1,2";
				TEST_TARGET_NAME = "Cast Club";
			};
			name = Release;
		};
/* End XCBuildConfiguration section */

/* Begin XCConfigurationList section */
		D744774C21A4BB1D00270726 /* Build configuration list for PBXProject "Cast Club" */ = {
			isa = XCConfigurationList;
			buildConfigurations = (
				D744777921A4BB1F00270726 /* Debug */,
				D744777A21A4BB1F00270726 /* Release */,
			);
			defaultConfigurationIsVisible = 0;
			defaultConfigurationName = Release;
		};
		D744777B21A4BB1F00270726 /* Build configuration list for PBXNativeTarget "Cast Club" */ = {
			isa = XCConfigurationList;
			buildConfigurations = (
				D744777C21A4BB1F00270726 /* Debug */,
				D744777D21A4BB1F00270726 /* Release */,
			);
			defaultConfigurationIsVisible = 0;
			defaultConfigurationName = Release;
		};
		D744777E21A4BB1F00270726 /* Build configuration list for PBXNativeTarget "Cast ClubTests" */ = {
			isa = XCConfigurationList;
			buildConfigurations = (
				D744777F21A4BB1F00270726 /* Debug */,
				D744778021A4BB1F00270726 /* Release */,
			);
			defaultConfigurationIsVisible = 0;
			defaultConfigurationName = Release;
		};
		D744778121A4BB1F00270726 /* Build configuration list for PBXNativeTarget "Cast ClubUITests" */ = {
			isa = XCConfigurationList;
			buildConfigurations = (
				D744778221A4BB1F00270726 /* Debug */,
				D744778321A4BB1F00270726 /* Release */,
			);
			defaultConfigurationIsVisible = 0;
			defaultConfigurationName = Release;
		};
/* End XCConfigurationList section */
	};
	rootObject = D744774921A4BB1D00270726 /* Project object */;
}
